# THIS IS AN AUTOGENERATED FILE. DO NOT EDIT THIS FILE DIRECTLY.
# yarn lockfile v1


"@fastify/ajv-compiler@^1.0.0":
  version "1.1.0"
  resolved "https://registry.yarnpkg.com/@fastify/ajv-compiler/-/ajv-compiler-1.1.0.tgz#5ce80b1fc8bebffc8c5ba428d5e392d0f9ed10a1"
  integrity sha512-gvCOUNpXsWrIQ3A4aXCLIdblL0tDq42BG/2Xw7oxbil9h11uow10ztS2GuFazNBfjbrsZ5nl+nPl5jDSjj5TSg==
  dependencies:
    ajv "^6.12.6"

abstract-logging@^2.0.0:
  version "2.0.0"
  resolved "https://registry.yarnpkg.com/abstract-logging/-/abstract-logging-2.0.0.tgz#08a85814946c98ef06f4256ad470aba1886d4490"
  integrity sha512-/oA9z7JszpIioo6J6dB79LVUgJ3eD3cxkAmdCkvWWS+Y9tPtALs1rLqOekLUXUbYqM2fB9TTK0ibAyZJJOP/CA==

ajv@^6.11.0, ajv@^6.5.5:
  version "6.12.3"
  resolved "https://registry.yarnpkg.com/ajv/-/ajv-6.12.3.tgz#18c5af38a111ddeb4f2697bd78d68abc1cabd706"
  integrity sha512-4K0cK3L1hsqk9xIb2z9vs/XU+PGJZ9PNpJRDS9YLzmNdX6jmVPfamLvTJr0aDAusnHyCHO6MjzlkAsgtqp9teA==
  dependencies:
    fast-deep-equal "^3.1.1"
    fast-json-stable-stringify "^2.0.0"
    json-schema-traverse "^0.4.1"
    uri-js "^4.2.2"

ajv@^6.12.6:
  version "6.12.6"
  resolved "https://registry.yarnpkg.com/ajv/-/ajv-6.12.6.tgz#baf5a62e802b07d977034586f8c3baf5adf26df4"
  integrity sha512-j3fVLgvTo527anyYyJOGTYJbG+vnnQYvE0m5mmkc1TK+nxAppkCLMIL0aZ4dblVCNoGShhm+kzE4ZUykBoMg4g==
  dependencies:
    fast-deep-equal "^3.1.1"
    fast-json-stable-stringify "^2.0.0"
    json-schema-traverse "^0.4.1"
    uri-js "^4.2.2"

ajv@^8.1.0:
  version "8.10.0"
  resolved "https://registry.yarnpkg.com/ajv/-/ajv-8.10.0.tgz#e573f719bd3af069017e3b66538ab968d040e54d"
  integrity sha512-bzqAEZOjkrUMl2afH8dknrq5KEk2SrwdBROR+vH1EKVQTqaUbJVPdc/gEdggTMM0Se+s+Ja4ju4TlNcStKl2Hw==
  dependencies:
    fast-deep-equal "^3.1.1"
    json-schema-traverse "^1.0.0"
    require-from-string "^2.0.2"
    uri-js "^4.2.2"

archy@^1.0.0:
  version "1.0.0"
  resolved "https://registry.yarnpkg.com/archy/-/archy-1.0.0.tgz#f9c8c13757cc1dd7bc379ac77b2c62a5c2868c40"
  integrity sha1-+cjBN1fMHde8N5rHeyxipcKGjEA=

asn1@~0.2.3:
  version "0.2.4"
  resolved "https://registry.yarnpkg.com/asn1/-/asn1-0.2.4.tgz#8d2475dfab553bb33e77b54e59e880bb8ce23136"
  integrity sha512-jxwzQpLQjSmWXgwaCZE9Nz+glAG01yF1QnWgbhGwHI5A6FRIEY6IVqtHhIepHqI7/kyEyQEagBC5mBEFlIYvdg==
  dependencies:
    safer-buffer "~2.1.0"

assert-plus@1.0.0, assert-plus@^1.0.0:
  version "1.0.0"
  resolved "https://registry.yarnpkg.com/assert-plus/-/assert-plus-1.0.0.tgz#f12e0f3c5d77b0b1cdd9146942e4e96c1e4dd525"
  integrity sha1-8S4PPF13sLHN2RRpQuTpbB5N1SU=

asynckit@^0.4.0:
  version "0.4.0"
  resolved "https://registry.yarnpkg.com/asynckit/-/asynckit-0.4.0.tgz#c79ed97f7f34cb8f2ba1bc9790bcc366474b4b79"

atomic-sleep@^1.0.0:
  version "1.0.0"
  resolved "https://registry.yarnpkg.com/atomic-sleep/-/atomic-sleep-1.0.0.tgz#eb85b77a601fc932cfe432c5acd364a9e2c9075b"
  integrity sha512-kNOjDqAh7px0XWNI+4QbzoiR/nTkHAWNud2uvnJquD1/x5a7EQZMJT0AczqK0Qn67oY/TTQ1LbUKajZpp3I9tQ==

avvio@^7.1.2:
  version "7.2.4"
  resolved "https://registry.yarnpkg.com/avvio/-/avvio-7.2.4.tgz#c55326a5fe2c02dd9b30a739e8a2d1b0541e6d1f"
  integrity sha512-m9XMb/6E9P0lV4eiXNxfiJ/uFBW0KFpMrrB26c+ZJeRpYmc8JTOPy/7+lJrlbaqfrAArv9PmzOaFU6TKtKRLGA==
  dependencies:
    archy "^1.0.0"
    debug "^4.0.0"
    fastq "^1.6.1"
    queue-microtask "^1.1.2"

aws-sign2@~0.7.0:
  version "0.7.0"
  resolved "https://registry.yarnpkg.com/aws-sign2/-/aws-sign2-0.7.0.tgz#b46e890934a9591f2d2f6f86d7e6a9f1b3fe76a8"

aws4@^1.8.0:
  version "1.8.0"
  resolved "https://registry.yarnpkg.com/aws4/-/aws4-1.8.0.tgz#f0e003d9ca9e7f59c7a508945d7b2ef9a04a542f"
  integrity sha512-ReZxvNHIOv88FlT7rxcXIIC0fPt4KZqZbOlivyWtXLt8ESx84zd3kMC6iK5jVeS2qt+g7ftS7ye4fi06X5rtRQ==

balanced-match@^1.0.0:
  version "1.0.0"
  resolved "https://registry.yarnpkg.com/balanced-match/-/balanced-match-1.0.0.tgz#89b4d199ab2bee49de164ea02b89ce462d71b767"

bcrypt-pbkdf@^1.0.0:
  version "1.0.2"
  resolved "https://registry.yarnpkg.com/bcrypt-pbkdf/-/bcrypt-pbkdf-1.0.2.tgz#a4301d389b6a43f9b67ff3ca11a3f6637e360e9e"
  integrity sha1-pDAdOJtqQ/m2f/PKEaP2Y342Dp4=
  dependencies:
    tweetnacl "^0.14.3"

brace-expansion@^1.1.7:
  version "1.1.11"
  resolved "https://registry.yarnpkg.com/brace-expansion/-/brace-expansion-1.1.11.tgz#3c7fcbf529d87226f3d2f52b966ff5271eb441dd"
  dependencies:
    balanced-match "^1.0.0"
    concat-map "0.0.1"

caseless@~0.12.0:
  version "0.12.0"
  resolved "https://registry.yarnpkg.com/caseless/-/caseless-0.12.0.tgz#1b681c21ff84033c826543090689420d187151dc"

combined-stream@^1.0.6, combined-stream@~1.0.6:
  version "1.0.8"
  resolved "https://registry.yarnpkg.com/combined-stream/-/combined-stream-1.0.8.tgz#c3d45a8b34fd730631a110a8a2520682b31d5a7f"
  integrity sha512-FQN4MRfuJeHf7cBbBMJFXhKSDq+2kAArBlmRBvcvFE5BB1HZKXtSFASDhdlz9zOYwxh8lDdnvmMOe/+5cdoEdg==
  dependencies:
    delayed-stream "~1.0.0"

concat-map@0.0.1:
  version "0.0.1"
  resolved "https://registry.yarnpkg.com/concat-map/-/concat-map-0.0.1.tgz#d8a96bd77fd68df7793a73036a3ba0d5405d477b"

cookie@^0.4.0:
  version "0.4.1"
  resolved "https://registry.yarnpkg.com/cookie/-/cookie-0.4.1.tgz#afd713fe26ebd21ba95ceb61f9a8116e50a537d1"
  integrity sha512-ZwrFkGJxUR3EIoXtO+yVE69Eb7KlixbaeAWfBQB9vVsNn/o+Yw69gBWSSDK825hQNdN+wF8zELf3dFNl/kxkUA==

core-util-is@1.0.2:
  version "1.0.2"
  resolved "https://registry.yarnpkg.com/core-util-is/-/core-util-is-1.0.2.tgz#b5fd54220aa2bc5ab57aab7140c940754503c1a7"

dashdash@^1.12.0:
  version "1.14.1"
  resolved "https://registry.yarnpkg.com/dashdash/-/dashdash-1.14.1.tgz#853cfa0f7cbe2fed5de20326b8dd581035f6e2f0"
  integrity sha1-hTz6D3y+L+1d4gMmuN1YEDX24vA=
  dependencies:
    assert-plus "^1.0.0"

debug@^4.0.0:
  version "4.1.1"
  resolved "https://registry.yarnpkg.com/debug/-/debug-4.1.1.tgz#3b72260255109c6b589cee050f1d516139664791"
  integrity sha512-pYAIzeRo8J6KPEaJ0VWOh5Pzkbw/RetuzehGM7QRRX5he4fPHx2rdKMB256ehJCkX+XRQm16eZLqLNS8RSZXZw==
  dependencies:
    ms "^2.1.1"

deepmerge@^4.2.2:
  version "4.2.2"
  resolved "https://registry.yarnpkg.com/deepmerge/-/deepmerge-4.2.2.tgz#44d2ea3679b8f4d4ffba33f03d865fc1e7bf4955"
  integrity sha512-FJ3UgI4gIl+PHZm53knsuSFpE+nESMr7M4v9QcgB7S63Kj/6WqMiFQJpBBYz1Pt+66bZpP3Q7Lye0Oo9MPKEdg==

delayed-stream@~1.0.0:
  version "1.0.0"
  resolved "https://registry.yarnpkg.com/delayed-stream/-/delayed-stream-1.0.0.tgz#df3ae199acadfb7d440aaae0b29e2272b24ec619"

ecc-jsbn@~0.1.1:
  version "0.1.2"
  resolved "https://registry.yarnpkg.com/ecc-jsbn/-/ecc-jsbn-0.1.2.tgz#3a83a904e54353287874c564b7549386849a98c9"
  integrity sha1-OoOpBOVDUyh4dMVkt1SThoSamMk=
  dependencies:
    jsbn "~0.1.0"
    safer-buffer "^2.1.0"

extend@~3.0.2:
  version "3.0.2"
  resolved "https://registry.yarnpkg.com/extend/-/extend-3.0.2.tgz#f8b1136b4071fbd8eb140aff858b1019ec2915fa"
  integrity sha512-fjquC59cD7CyW6urNXK0FBufkZcoiGG80wTuPujX590cB5Ttln20E2UB4S/WARVqhXffZl2LNgS+gQdPIIim/g==

extsprintf@1.3.0:
  version "1.3.0"
  resolved "https://registry.yarnpkg.com/extsprintf/-/extsprintf-1.3.0.tgz#96918440e3041a7a414f8c52e3c574eb3c3e1e05"

extsprintf@^1.2.0:
  version "1.4.0"
  resolved "https://registry.yarnpkg.com/extsprintf/-/extsprintf-1.4.0.tgz#e2689f8f356fad62cca65a3a91c5df5f9551692f"

fast-decode-uri-component@^1.0.1:
  version "1.0.1"
  resolved "https://registry.yarnpkg.com/fast-decode-uri-component/-/fast-decode-uri-component-1.0.1.tgz#46f8b6c22b30ff7a81357d4f59abfae938202543"
  integrity sha512-WKgKWg5eUxvRZGwW8FvfbaH7AXSh2cL+3j5fMGzUMCxWBJ3dV3a7Wz8y2f/uQ0e3B6WmodD3oS54jTQ9HVTIIg==

fast-deep-equal@^3.1.1, fast-deep-equal@^3.1.3:
  version "3.1.3"
  resolved "https://registry.yarnpkg.com/fast-deep-equal/-/fast-deep-equal-3.1.3.tgz#3a7d56b559d6cbc3eb512325244e619a65c6c525"
  integrity sha512-f3qQ9oQy9j2AhBe/H9VC91wLmKBCCU/gDOnKNAYG5hswO7BLKj09Hc5HYNz9cGI++xlpDCIgDaitVs03ATR84Q==

fast-json-stable-stringify@^2.0.0:
  version "2.0.0"
  resolved "https://registry.yarnpkg.com/fast-json-stable-stringify/-/fast-json-stable-stringify-2.0.0.tgz#d5142c0caee6b1189f87d3a76111064f86c8bbf2"

fast-json-stringify@^2.5.2:
  version "2.7.13"
  resolved "https://registry.yarnpkg.com/fast-json-stringify/-/fast-json-stringify-2.7.13.tgz#277aa86c2acba4d9851bd6108ed657aa327ed8c0"
  integrity sha512-ar+hQ4+OIurUGjSJD1anvYSDcUflywhKjfxnsW4TBTD7+u0tJufv6DKRWoQk3vI6YBOWMoz0TQtfbe7dxbQmvA==
  dependencies:
    ajv "^6.11.0"
    deepmerge "^4.2.2"
    rfdc "^1.2.0"
    string-similarity "^4.0.1"

fast-redact@^3.0.0:
  version "3.1.1"
  resolved "https://registry.yarnpkg.com/fast-redact/-/fast-redact-3.1.1.tgz#790fcff8f808c2e12fabbfb2be5cb2deda448fa0"
  integrity sha512-odVmjC8x8jNeMZ3C+rPMESzXVSEU8tSWSHv9HFxP2mm89G/1WwqhrerJDQm9Zus8X6aoRgQDThKqptdNA6bt+A==

fast-safe-stringify@^2.0.8:
  version "2.1.1"
  resolved "https://registry.yarnpkg.com/fast-safe-stringify/-/fast-safe-stringify-2.1.1.tgz#c406a83b6e70d9e35ce3b30a81141df30aeba884"
  integrity sha512-W+KJc2dmILlPplD/H4K9l9LcAHAfPtP6BY84uVLXQ6Evcz9Lcg33Y2z1IVblT6xdY54PXYVHEv+0Wpq8Io6zkA==

fast-xml-parser@^4.0.3:
  version "4.0.3"
  resolved "https://registry.yarnpkg.com/fast-xml-parser/-/fast-xml-parser-4.0.3.tgz#ad1ebfa53a447369634454073f7952f171ed4aba"
  integrity sha512-xhQbg3a/EYNHwK0cxIG1nZmVkHX/0tWihamn5pU4Mhd9KEVE2ga8ZJiqEUgB2sApElvAATOdMTLjgqIpvYDUkQ==
  dependencies:
    strnum "^1.0.5"

fastify-error@^0.3.0:
  version "0.3.1"
  resolved "https://registry.yarnpkg.com/fastify-error/-/fastify-error-0.3.1.tgz#8eb993e15e3cf57f0357fc452af9290f1c1278d2"
  integrity sha512-oCfpcsDndgnDVgiI7bwFKAun2dO+4h84vBlkWsWnz/OUK9Reff5UFoFl241xTiLeHWX/vU9zkDVXqYUxjOwHcQ==

fastify-plugin@^3.0.0:
  version "3.0.1"
  resolved "https://registry.yarnpkg.com/fastify-plugin/-/fastify-plugin-3.0.1.tgz#79e84c29f401020f38b524f59f2402103fd21ed2"
  integrity sha512-qKcDXmuZadJqdTm6vlCqioEbyewF60b/0LOFCcYN1B6BIZGlYJumWWOYs70SFYLDAH4YqdE1cxH/RKMG7rFxgA==

fastify@^3.27.1:
  version "3.27.2"
  resolved "https://registry.yarnpkg.com/fastify/-/fastify-3.27.2.tgz#61fd226dd72b2d8b6b82e6bf71c18e495026545d"
  integrity sha512-InZSbbfdBV8yfsTzX0Ei7aF3r7FjC+DPIf27IlTP5EIhSsvTjvlRNwxDPYYGi2NX2K654Vh+zCGCy/GaSigIuw==
  dependencies:
    "@fastify/ajv-compiler" "^1.0.0"
    abstract-logging "^2.0.0"
    avvio "^7.1.2"
    fast-json-stringify "^2.5.2"
    fastify-error "^0.3.0"
    find-my-way "^4.5.0"
    flatstr "^1.0.12"
    light-my-request "^4.2.0"
    pino "^6.13.0"
    process-warning "^1.0.0"
    proxy-addr "^2.0.7"
    rfdc "^1.1.4"
    secure-json-parse "^2.0.0"
    semver "^7.3.2"
    tiny-lru "^8.0.1"

fastq@^1.6.1:
  version "1.13.0"
  resolved "https://registry.yarnpkg.com/fastq/-/fastq-1.13.0.tgz#616760f88a7526bdfc596b7cab8c18938c36b98c"
  integrity sha512-YpkpUnK8od0o1hmeSc7UUs/eB/vIPWJYjKck2QKIzAf71Vm1AAQ3EbuZB3g2JIy+pg+ERD0vqI79KyZiB2e2Nw==
  dependencies:
    reusify "^1.0.4"

find-my-way@^4.5.0:
  version "4.5.1"
  resolved "https://registry.yarnpkg.com/find-my-way/-/find-my-way-4.5.1.tgz#758e959194b90aea0270db18fff75e2fceb2239f"
  integrity sha512-kE0u7sGoUFbMXcOG/xpkmz4sRLCklERnBcg7Ftuu1iAxsfEt2S46RLJ3Sq7vshsEy2wJT2hZxE58XZK27qa8kg==
  dependencies:
    fast-decode-uri-component "^1.0.1"
    fast-deep-equal "^3.1.3"
    safe-regex2 "^2.0.0"
    semver-store "^0.3.0"

flatstr@^1.0.12:
  version "1.0.12"
  resolved "https://registry.yarnpkg.com/flatstr/-/flatstr-1.0.12.tgz#c2ba6a08173edbb6c9640e3055b95e287ceb5931"
  integrity sha512-4zPxDyhCyiN2wIAtSLI6gc82/EjqZc1onI4Mz/l0pWrAlsSfYH/2ZIcU+e3oA2wDwbzIWNKwa23F8rh6+DRWkw==

forever-agent@~0.6.1:
  version "0.6.1"
  resolved "https://registry.yarnpkg.com/forever-agent/-/forever-agent-0.6.1.tgz#fbc71f0c41adeb37f96c577ad1ed42d8fdacca91"

form-data@~2.3.2:
  version "2.3.3"
  resolved "https://registry.yarnpkg.com/form-data/-/form-data-2.3.3.tgz#dcce52c05f644f298c6a7ab936bd724ceffbf3a6"
  integrity sha512-1lLKB2Mu3aGP1Q/2eCOx0fNbRMe7XdwktwOruhfqqd0rIJWwN4Dh+E3hrPSlDCXnSR7UtZ1N38rVXm+6+MEhJQ==
  dependencies:
    asynckit "^0.4.0"
    combined-stream "^1.0.6"
    mime-types "^2.1.12"

forwarded@0.2.0:
  version "0.2.0"
  resolved "https://registry.yarnpkg.com/forwarded/-/forwarded-0.2.0.tgz#2269936428aad4c15c7ebe9779a84bf0b2a81811"
  integrity sha512-buRG0fpBtRHSTCOASe6hD258tEubFoRLb4ZNA6NxMVHNw2gOcwHo9wyablzMzOA5z9xA9L1KNjk/Nt6MT9aYow==

fs.realpath@^1.0.0:
  version "1.0.0"
  resolved "https://registry.yarnpkg.com/fs.realpath/-/fs.realpath-1.0.0.tgz#1504ad2523158caa40db4a2787cb01411994ea4f"

getpass@^0.1.1:
  version "0.1.7"
  resolved "https://registry.yarnpkg.com/getpass/-/getpass-0.1.7.tgz#5eff8e3e684d569ae4cb2b1282604e8ba62149fa"
  integrity sha1-Xv+OPmhNVprkyysSgmBOi6YhSfo=
  dependencies:
    assert-plus "^1.0.0"

glob@^7.1.4:
  version "7.1.6"
  resolved "https://registry.yarnpkg.com/glob/-/glob-7.1.6.tgz#141f33b81a7c2492e125594307480c46679278a6"
  integrity sha512-LwaxwyZ72Lk7vZINtNNrywX0ZuLyStrdDtabefZKAY5ZGJhVtgdznluResxNmPitE0SAO+O26sWTHeKSI2wMBA==
  dependencies:
    fs.realpath "^1.0.0"
    inflight "^1.0.4"
    inherits "2"
    minimatch "^3.0.4"
    once "^1.3.0"
    path-is-absolute "^1.0.0"

har-schema@^2.0.0:
  version "2.0.0"
  resolved "https://registry.yarnpkg.com/har-schema/-/har-schema-2.0.0.tgz#a94c2224ebcac04782a0d9035521f24735b7ec92"

har-validator@~5.1.0:
  version "5.1.3"
  resolved "https://registry.yarnpkg.com/har-validator/-/har-validator-5.1.3.tgz#1ef89ebd3e4996557675eed9893110dc350fa080"
  integrity sha512-sNvOCzEQNr/qrvJgc3UG/kD4QtlHycrzwS+6mfTrrSq97BvaYcPZZI1ZSqGSPR73Cxn4LKTD4PttRwfU7jWq5g==
  dependencies:
    ajv "^6.5.5"
    har-schema "^2.0.0"

http-signature@~1.2.0:
  version "1.2.0"
  resolved "https://registry.yarnpkg.com/http-signature/-/http-signature-1.2.0.tgz#9aecd925114772f3d95b65a60abb8f7c18fbace1"
  dependencies:
    assert-plus "^1.0.0"
    jsprim "^1.2.2"
    sshpk "^1.7.0"

inflight@^1.0.4:
  version "1.0.6"
  resolved "https://registry.yarnpkg.com/inflight/-/inflight-1.0.6.tgz#49bd6331d7d02d0c09bc910a1075ba8165b56df9"
  dependencies:
    once "^1.3.0"
    wrappy "1"

inherits@2:
  version "2.0.3"
  resolved "https://registry.yarnpkg.com/inherits/-/inherits-2.0.3.tgz#633c2c83e3da42a502f52466022480f4208261de"

ipaddr.js@1.9.1:
  version "1.9.1"
  resolved "https://registry.yarnpkg.com/ipaddr.js/-/ipaddr.js-1.9.1.tgz#bff38543eeb8984825079ff3a2a8e6cbd46781b3"
  integrity sha512-0KI/607xoxSToH7GjN1FfSbLoU0+btTicjsQSWQlh/hZykN8KpmMf7uYwPW3R+akZ6R/w18ZlXSHBYXiYUPO3g==

is-typedarray@~1.0.0:
  version "1.0.0"
  resolved "https://registry.yarnpkg.com/is-typedarray/-/is-typedarray-1.0.0.tgz#e479c80858df0c1b11ddda6940f96011fcda4a9a"

isstream@~0.1.2:
  version "0.1.2"
  resolved "https://registry.yarnpkg.com/isstream/-/isstream-0.1.2.tgz#47e63f7af55afa6f92e1500e690eb8b8529c099a"

jasmine-core@^2.99.1:
  version "2.99.1"
  resolved "https://registry.yarnpkg.com/jasmine-core/-/jasmine-core-2.99.1.tgz#e6400df1e6b56e130b61c4bcd093daa7f6e8ca15"

jasmine-core@~3.5.0:
  version "3.5.0"
  resolved "https://registry.yarnpkg.com/jasmine-core/-/jasmine-core-3.5.0.tgz#132c23e645af96d85c8bca13c8758b18429fc1e4"
  integrity sha512-nCeAiw37MIMA9w9IXso7bRaLl+c/ef3wnxsoSAlYrzS+Ot0zTG6nU8G/cIfGkqpkjX2wNaIW9RFG0TwIFnG6bA==

jasmine@^3.5.0:
  version "3.5.0"
  resolved "https://registry.yarnpkg.com/jasmine/-/jasmine-3.5.0.tgz#7101eabfd043a1fc82ac24e0ab6ec56081357f9e"
  integrity sha512-DYypSryORqzsGoMazemIHUfMkXM7I7easFaxAvNM3Mr6Xz3Fy36TupTrAOxZWN8MVKEU5xECv22J4tUQf3uBzQ==
  dependencies:
    glob "^7.1.4"
    jasmine-core "~3.5.0"

jsbn@~0.1.0:
  version "0.1.1"
  resolved "https://registry.yarnpkg.com/jsbn/-/jsbn-0.1.1.tgz#a5e654c2e5a2deb5f201d96cefbca80c0ef2f513"
  integrity sha1-peZUwuWi3rXyAdls77yoDA7y9RM=

json-schema-traverse@^0.4.1:
  version "0.4.1"
  resolved "https://registry.yarnpkg.com/json-schema-traverse/-/json-schema-traverse-0.4.1.tgz#69f6a87d9513ab8bb8fe63bdb0979c448e684660"
  integrity sha512-xbbCH5dCYU5T8LcEhhuh7HJ88HXuW3qsI3Y0zOZFKfZEHcpWiHU/Jxzk629Brsab/mMiHQti9wMP+845RPe3Vg==

json-schema-traverse@^1.0.0:
  version "1.0.0"
  resolved "https://registry.yarnpkg.com/json-schema-traverse/-/json-schema-traverse-1.0.0.tgz#ae7bcb3656ab77a73ba5c49bf654f38e6b6860e2"
  integrity sha512-NM8/P9n3XjXhIZn1lLhkFaACTOURQXjWhV4BA/RnOv8xvgqtqpAX9IO4mRQxSx1Rlo4tqzeqb0sOlruaOy3dug==

json-schema@0.2.3:
  version "0.2.3"
  resolved "https://registry.yarnpkg.com/json-schema/-/json-schema-0.2.3.tgz#b480c892e59a2f05954ce727bd3f2a4e882f9e13"

json-stringify-safe@~5.0.1:
  version "5.0.1"
  resolved "https://registry.yarnpkg.com/json-stringify-safe/-/json-stringify-safe-5.0.1.tgz#1296a2d58fd45f19a0f6ce01d65701e2c735b6eb"

jsprim@^1.2.2:
  version "1.4.1"
  resolved "https://registry.yarnpkg.com/jsprim/-/jsprim-1.4.1.tgz#313e66bc1e5cc06e438bc1b7499c2e5c56acb6a2"
  dependencies:
    assert-plus "1.0.0"
    extsprintf "1.3.0"
    json-schema "0.2.3"
    verror "1.10.0"

light-my-request@^4.2.0:
  version "4.8.0"
  resolved "https://registry.yarnpkg.com/light-my-request/-/light-my-request-4.8.0.tgz#b0bd074902f95814a956819bc2b6c99d8cafcefb"
  integrity sha512-C2XESrTRsZnI59NSQigOsS6IuTxpj8OhSBvZS9fhgBMsamBsAuWN1s4hj/nCi8EeZcyAA6xbROhsZy7wKdfckg==
  dependencies:
    ajv "^8.1.0"
    cookie "^0.4.0"
    process-warning "^1.0.0"
    set-cookie-parser "^2.4.1"

lru-cache@^6.0.0:
  version "6.0.0"
  resolved "https://registry.yarnpkg.com/lru-cache/-/lru-cache-6.0.0.tgz#6d6fe6570ebd96aaf90fcad1dafa3b2566db3a94"
  integrity sha512-Jo6dJ04CmSjuznwJSS3pUeWmd/H0ffTlkXXgwZi+eq1UCmqQwCh+eLsYOYCwY991i2Fah4h1BEMCx4qThGbsiA==
  dependencies:
    yallist "^4.0.0"

mime-db@1.42.0:
  version "1.42.0"
  resolved "https://registry.yarnpkg.com/mime-db/-/mime-db-1.42.0.tgz#3e252907b4c7adb906597b4b65636272cf9e7bac"
  integrity sha512-UbfJCR4UAVRNgMpfImz05smAXK7+c+ZntjaA26ANtkXLlOe947Aag5zdIcKQULAiF9Cq4WxBi9jUs5zkA84bYQ==

mime-db@~1.30.0:
  version "1.30.0"
  resolved "https://registry.yarnpkg.com/mime-db/-/mime-db-1.30.0.tgz#74c643da2dd9d6a45399963465b26d5ca7d71f01"

mime-types@^2.1.12:
  version "2.1.17"
  resolved "https://registry.yarnpkg.com/mime-types/-/mime-types-2.1.17.tgz#09d7a393f03e995a79f8af857b70a9e0ab16557a"
  dependencies:
    mime-db "~1.30.0"

mime-types@~2.1.19:
  version "2.1.25"
  resolved "https://registry.yarnpkg.com/mime-types/-/mime-types-2.1.25.tgz#39772d46621f93e2a80a856c53b86a62156a6437"
  integrity sha512-5KhStqB5xpTAeGqKBAMgwaYMnQik7teQN4IAzC7npDv6kzeU6prfkR67bc87J1kWMPGkoaZSq1npmexMgkmEVg==
  dependencies:
    mime-db "1.42.0"

minimatch@^3.0.4:
  version "3.0.4"
  resolved "https://registry.yarnpkg.com/minimatch/-/minimatch-3.0.4.tgz#5166e286457f03306064be5497e8dbb0c3d32083"
  dependencies:
    brace-expansion "^1.1.7"

ms@^2.1.1:
  version "2.1.2"
  resolved "https://registry.yarnpkg.com/ms/-/ms-2.1.2.tgz#d09d1f357b443f493382a8eb3ccd183872ae6009"
  integrity sha512-sGkPx+VjMtmA6MX27oA4FBFELFCZZ4S4XqeGOXCv68tT+jb3vk/RyaKWP0PTKyWtmLSM0b+adUTEvbs1PEaH2w==

oauth-sign@~0.9.0:
  version "0.9.0"
  resolved "https://registry.yarnpkg.com/oauth-sign/-/oauth-sign-0.9.0.tgz#47a7b016baa68b5fa0ecf3dee08a85c679ac6455"
  integrity sha512-fexhUFFPTGV8ybAtSIGbV6gOkSv8UtRbDBnAyLQw4QPKkgNlsH2ByPGtMUqdWkos6YCRmAqViwgZrJc/mRDzZQ==

once@^1.3.0:
  version "1.4.0"
  resolved "https://registry.yarnpkg.com/once/-/once-1.4.0.tgz#583b1aa775961d4b113ac17d9c50baef9dd76bd1"
  dependencies:
    wrappy "1"

path-is-absolute@^1.0.0:
  version "1.0.1"
  resolved "https://registry.yarnpkg.com/path-is-absolute/-/path-is-absolute-1.0.1.tgz#174b9268735534ffbc7ace6bf53a5a9e1b5c5f5f"

performance-now@^2.1.0:
  version "2.1.0"
  resolved "https://registry.yarnpkg.com/performance-now/-/performance-now-2.1.0.tgz#6309f4e0e5fa913ec1c69307ae364b4b377c9e7b"

pino-std-serializers@^3.1.0:
  version "3.2.0"
  resolved "https://registry.yarnpkg.com/pino-std-serializers/-/pino-std-serializers-3.2.0.tgz#b56487c402d882eb96cd67c257868016b61ad671"
  integrity sha512-EqX4pwDPrt3MuOAAUBMU0Tk5kR/YcCM5fNPEzgCO2zJ5HfX0vbiH9HbJglnyeQsN96Kznae6MWD47pZB5avTrg==

pino@^6.13.0:
  version "6.14.0"
  resolved "https://registry.yarnpkg.com/pino/-/pino-6.14.0.tgz#b745ea87a99a6c4c9b374e4f29ca7910d4c69f78"
  integrity sha512-iuhEDel3Z3hF9Jfe44DPXR8l07bhjuFY3GMHIXbjnY9XcafbyDDwl2sN2vw2GjMPf5Nkoe+OFao7ffn9SXaKDg==
  dependencies:
    fast-redact "^3.0.0"
    fast-safe-stringify "^2.0.8"
    flatstr "^1.0.12"
    pino-std-serializers "^3.1.0"
    process-warning "^1.0.0"
    quick-format-unescaped "^4.0.3"
    sonic-boom "^1.0.2"

process-warning@^1.0.0:
  version "1.0.0"
  resolved "https://registry.yarnpkg.com/process-warning/-/process-warning-1.0.0.tgz#980a0b25dc38cd6034181be4b7726d89066b4616"
  integrity sha512-du4wfLyj4yCZq1VupnVSZmRsPJsNuxoDQFdCFHLaYiEbFBD7QE0a+I4D7hOxrVnh78QE/YipFAj9lXHiXocV+Q==

proxy-addr@^2.0.7:
  version "2.0.7"
  resolved "https://registry.yarnpkg.com/proxy-addr/-/proxy-addr-2.0.7.tgz#f19fe69ceab311eeb94b42e70e8c2070f9ba1025"
  integrity sha512-llQsMLSUDUPT44jdrU/O37qlnifitDP+ZwrmmZcoSKyLKvtZxpyV0n2/bD/N4tBAAZ/gJEdZU7KMraoK1+XYAg==
  dependencies:
    forwarded "0.2.0"
    ipaddr.js "1.9.1"

psl@^1.1.24:
  version "1.4.0"
  resolved "https://registry.yarnpkg.com/psl/-/psl-1.4.0.tgz#5dd26156cdb69fa1fdb8ab1991667d3f80ced7c2"
  integrity sha512-HZzqCGPecFLyoRj5HLfuDSKYTJkAfB5thKBIkRHtGjWwY7p1dAyveIbXIq4tO0KYfDF2tHqPUgY9SDnGm00uFw==

punycode@^1.4.1:
  version "1.4.1"
  resolved "https://registry.yarnpkg.com/punycode/-/punycode-1.4.1.tgz#c0d5a63b2718800ad8e1eb0fa5269c84dd41845e"

punycode@^2.1.0:
  version "2.1.1"
  resolved "https://registry.yarnpkg.com/punycode/-/punycode-2.1.1.tgz#b58b010ac40c22c5657616c8d2c2c02c7bf479ec"
  integrity sha512-XRsRjdf+j5ml+y/6GKHPZbrF/8p2Yga0JPtdqTIY2Xe5ohJPD9saDJJLPvp9+NSBprVvevdXZybnj2cv8OEd0A==

qs@~6.5.2:
  version "6.5.3"
  resolved "https://registry.yarnpkg.com/qs/-/qs-6.5.3.tgz#3aeeffc91967ef6e35c0e488ef46fb296ab76aad"
  integrity sha512-qxXIEh4pCGfHICj1mAJQ2/2XVZkjCDTcEgfoSQxc/fYivUZxTkk7L3bDBJSoNrEzXI17oUO5Dp07ktqE5KzczA==

queue-microtask@^1.1.2:
  version "1.2.3"
  resolved "https://registry.yarnpkg.com/queue-microtask/-/queue-microtask-1.2.3.tgz#4929228bbc724dfac43e0efb058caf7b6cfb6243"
  integrity sha512-NuaNSa6flKT5JaSYQzJok04JzTL1CA6aGhv5rfLW3PgqA+M2ChpZQnAC8h8i4ZFkBS8X5RqkDBHA7r4hej3K9A==

quick-format-unescaped@^4.0.3:
  version "4.0.4"
  resolved "https://registry.yarnpkg.com/quick-format-unescaped/-/quick-format-unescaped-4.0.4.tgz#93ef6dd8d3453cbc7970dd614fad4c5954d6b5a7"
  integrity sha512-tYC1Q1hgyRuHgloV/YXs2w15unPVh8qfu/qCTfhTYamaw7fyhumKa2yGpdSo87vY32rIclj+4fWYQXUMs9EHvg==

request@^2.88.0:
  version "2.88.0"
  resolved "https://registry.yarnpkg.com/request/-/request-2.88.0.tgz#9c2fca4f7d35b592efe57c7f0a55e81052124fef"
  integrity sha512-NAqBSrijGLZdM0WZNsInLJpkJokL72XYjUpnB0iwsRgxh7dB6COrHnTBNwN0E+lHDAJzu7kLAkDeY08z2/A0hg==
  dependencies:
    aws-sign2 "~0.7.0"
    aws4 "^1.8.0"
    caseless "~0.12.0"
    combined-stream "~1.0.6"
    extend "~3.0.2"
    forever-agent "~0.6.1"
    form-data "~2.3.2"
    har-validator "~5.1.0"
    http-signature "~1.2.0"
    is-typedarray "~1.0.0"
    isstream "~0.1.2"
    json-stringify-safe "~5.0.1"
    mime-types "~2.1.19"
    oauth-sign "~0.9.0"
    performance-now "^2.1.0"
    qs "~6.5.2"
    safe-buffer "^5.1.2"
    tough-cookie "~2.4.3"
    tunnel-agent "^0.6.0"
    uuid "^3.3.2"

require-from-string@^2.0.2:
  version "2.0.2"
  resolved "https://registry.yarnpkg.com/require-from-string/-/require-from-string-2.0.2.tgz#89a7fdd938261267318eafe14f9c32e598c36909"
  integrity sha512-Xf0nWe6RseziFMu+Ap9biiUbmplq6S9/p+7w7YXP/JBHhrUDDUhwa+vANyubuqfZWTveU//DYVGsDG7RKL/vEw==

ret@~0.2.0:
  version "0.2.2"
  resolved "https://registry.yarnpkg.com/ret/-/ret-0.2.2.tgz#b6861782a1f4762dce43402a71eb7a283f44573c"
  integrity sha512-M0b3YWQs7R3Z917WRQy1HHA7Ba7D8hvZg6UE5mLykJxQVE2ju0IXbGlaHPPlkY+WN7wFP+wUMXmBFA0aV6vYGQ==

reusify@^1.0.4:
  version "1.0.4"
  resolved "https://registry.yarnpkg.com/reusify/-/reusify-1.0.4.tgz#90da382b1e126efc02146e90845a88db12925d76"
  integrity sha512-U9nH88a3fc/ekCF1l0/UP1IosiuIjyTh7hBvXVMHYgVcfGvt897Xguj2UOLDeI5BG2m7/uwyaLVT6fbtCwTyzw==

rfdc@^1.1.4, rfdc@^1.2.0:
  version "1.3.0"
  resolved "https://registry.yarnpkg.com/rfdc/-/rfdc-1.3.0.tgz#d0b7c441ab2720d05dc4cf26e01c89631d9da08b"
  integrity sha512-V2hovdzFbOi77/WajaSMXk2OLm+xNIeQdMMuB7icj7bk6zi2F8GGAxigcnDFpJHbNyNcgyJDiP+8nOrY5cZGrA==

safe-buffer@^5.0.1:
  version "5.1.1"
  resolved "https://registry.yarnpkg.com/safe-buffer/-/safe-buffer-5.1.1.tgz#893312af69b2123def71f57889001671eeb2c853"

safe-buffer@^5.1.2:
  version "5.2.0"
  resolved "https://registry.yarnpkg.com/safe-buffer/-/safe-buffer-5.2.0.tgz#b74daec49b1148f88c64b68d49b1e815c1f2f519"
  integrity sha512-fZEwUGbVl7kouZs1jCdMLdt95hdIv0ZeHg6L7qPeciMZhZ+/gdesW4wgTARkrFWEpspjEATAzUGPG8N2jJiwbg==

safe-regex2@^2.0.0:
  version "2.0.0"
  resolved "https://registry.yarnpkg.com/safe-regex2/-/safe-regex2-2.0.0.tgz#b287524c397c7a2994470367e0185e1916b1f5b9"
  integrity sha512-PaUSFsUaNNuKwkBijoAPHAK6/eM6VirvyPWlZ7BAQy4D+hCvh4B6lIG+nPdhbFfIbP+gTGBcrdsOaUs0F+ZBOQ==
  dependencies:
    ret "~0.2.0"

safer-buffer@^2.0.2, safer-buffer@^2.1.0, safer-buffer@~2.1.0:
  version "2.1.2"
  resolved "https://registry.yarnpkg.com/safer-buffer/-/safer-buffer-2.1.2.tgz#44fa161b0187b9549dd84bb91802f9bd8385cd6a"
  integrity sha512-YZo3K82SD7Riyi0E1EQPojLz7kpepnSQI9IyPbHHg1XXXevb5dJI7tpyN2ADxGcQbHG7vcyRHk0cbwqcQriUtg==

secure-json-parse@^2.0.0:
  version "2.4.0"
  resolved "https://registry.yarnpkg.com/secure-json-parse/-/secure-json-parse-2.4.0.tgz#5aaeaaef85c7a417f76271a4f5b0cc3315ddca85"
  integrity sha512-Q5Z/97nbON5t/L/sH6mY2EacfjVGwrCcSi5D3btRO2GZ8pf1K1UN7Z9H5J57hjVU2Qzxr1xO+FmBhOvEkzCMmg==

semver-store@^0.3.0:
  version "0.3.0"
  resolved "https://registry.yarnpkg.com/semver-store/-/semver-store-0.3.0.tgz#ce602ff07df37080ec9f4fb40b29576547befbe9"
  integrity sha512-TcZvGMMy9vodEFSse30lWinkj+JgOBvPn8wRItpQRSayhc+4ssDs335uklkfvQQJgL/WvmHLVj4Ycv2s7QCQMg==

semver@^7.3.2:
  version "7.3.5"
  resolved "https://registry.yarnpkg.com/semver/-/semver-7.3.5.tgz#0b621c879348d8998e4b0e4be94b3f12e6018ef7"
  integrity sha512-PoeGJYh8HK4BTO/a9Tf6ZG3veo/A7ZVsYrSA6J8ny9nb3B1VrpkuN+z9OE5wfE5p6H4LchYZsegiQgbJD94ZFQ==
  dependencies:
    lru-cache "^6.0.0"

set-cookie-parser@^2.4.1:
  version "2.4.6"
  resolved "https://registry.yarnpkg.com/set-cookie-parser/-/set-cookie-parser-2.4.6.tgz#43bdea028b9e6f176474ee5298e758b4a44799c3"
  integrity sha512-mNCnTUF0OYPwYzSHbdRdCfNNHqrne+HS5tS5xNb6yJbdP9wInV0q5xPLE0EyfV/Q3tImo3y/OXpD8Jn0Jtnjrg==

sonic-boom@^1.0.2:
  version "1.4.1"
  resolved "https://registry.yarnpkg.com/sonic-boom/-/sonic-boom-1.4.1.tgz#d35d6a74076624f12e6f917ade7b9d75e918f53e"
  integrity sha512-LRHh/A8tpW7ru89lrlkU4AszXt1dbwSjVWguGrmlxE7tawVmDBlI1PILMkXAxJTwqhgsEeTHzj36D5CmHgQmNg==
  dependencies:
    atomic-sleep "^1.0.0"
    flatstr "^1.0.12"

sshpk@^1.7.0:
  version "1.16.1"
  resolved "https://registry.yarnpkg.com/sshpk/-/sshpk-1.16.1.tgz#fb661c0bef29b39db40769ee39fa70093d6f6877"
  integrity sha512-HXXqVUq7+pcKeLqqZj6mHFUMvXtOJt1uoUx09pFW6011inTMxqI8BA8PM95myrIyyKwdnzjdFjLiE6KBPVtJIg==
  dependencies:
    asn1 "~0.2.3"
    assert-plus "^1.0.0"
    bcrypt-pbkdf "^1.0.0"
    dashdash "^1.12.0"
    ecc-jsbn "~0.1.1"
    getpass "^0.1.1"
    jsbn "~0.1.0"
    safer-buffer "^2.0.2"
    tweetnacl "~0.14.0"

string-similarity@^4.0.1:
  version "4.0.2"
  resolved "https://registry.yarnpkg.com/string-similarity/-/string-similarity-4.0.2.tgz#1dc29518d0e92e50509499ce2974368f77bbb1b1"
  integrity sha512-eCsPPyoQBgY4TMpVD6DVfO7pLrimUONriaO4Xjp3WPUW0YnNLqdHgRj23xotLlqrL90eJhBeq3zdAJf2mQgfBQ==

strnum@^1.0.5:
  version "1.0.5"
  resolved "https://registry.yarnpkg.com/strnum/-/strnum-1.0.5.tgz#5c4e829fe15ad4ff0d20c3db5ac97b73c9b072db"
  integrity sha512-J8bbNyKKXl5qYcR36TIO8W3mVGVHrmmxsd5PAItGkmyzwJvybiw2IVq5nqd0i4LSNSkB/sx9VHllbfFdr9k1JA==

tiny-lru@^8.0.1:
  version "8.0.1"
  resolved "https://registry.yarnpkg.com/tiny-lru/-/tiny-lru-8.0.1.tgz#c1d77d806e68035aaa2253e253d212291240ece2"
  integrity sha512-eBIAYA0BzSjxBedCaO0CSjertD+u+IvNuFkyD7ESf+qjqHKBr5wFqvEYl91+ZQd7jjq2pO6/fBVwFgb6bxvorw==

tough-cookie@~2.4.3:
  version "2.4.3"
  resolved "https://registry.yarnpkg.com/tough-cookie/-/tough-cookie-2.4.3.tgz#53f36da3f47783b0925afa06ff9f3b165280f781"
  integrity sha512-Q5srk/4vDM54WJsJio3XNn6K2sCG+CQ8G5Wz6bZhRZoAe/+TxjWB/GlFAnYEbkYVlON9FMk/fE3h2RLpPXo4lQ==
  dependencies:
    psl "^1.1.24"
    punycode "^1.4.1"

tunnel-agent@^0.6.0:
  version "0.6.0"
  resolved "https://registry.yarnpkg.com/tunnel-agent/-/tunnel-agent-0.6.0.tgz#27a5dea06b36b04a0a9966774b290868f0fc40fd"
  dependencies:
    safe-buffer "^5.0.1"

tweetnacl@^0.14.3, tweetnacl@~0.14.0:
  version "0.14.5"
  resolved "https://registry.yarnpkg.com/tweetnacl/-/tweetnacl-0.14.5.tgz#5ae68177f192d4456269d108afa93ff8743f4f64"
  integrity sha1-WuaBd/GS1EViadEIr6k/+HQ/T2Q=

uri-js@^4.2.2:
  version "4.2.2"
  resolved "https://registry.yarnpkg.com/uri-js/-/uri-js-4.2.2.tgz#94c540e1ff772956e2299507c010aea6c8838eb0"
  integrity sha512-KY9Frmirql91X2Qgjry0Wd4Y+YTdrdZheS8TFwvkbLWf/G5KNJDCh6pKL5OZctEW4+0Baa5idK2ZQuELRwPznQ==
  dependencies:
    punycode "^2.1.0"

uuid@^3.3.2:
  version "3.3.3"
  resolved "https://registry.yarnpkg.com/uuid/-/uuid-3.3.3.tgz#4568f0216e78760ee1dbf3a4d2cf53e224112866"
  integrity sha512-pW0No1RGHgzlpHJO1nsVrHKpOEIxkGg1xB+v0ZmdNH5OAeAwzAVrCnI2/6Mtx+Uys6iaylxa+D3g4j63IKKjSQ==

verror@1.10.0:
  version "1.10.0"
  resolved "https://registry.yarnpkg.com/verror/-/verror-1.10.0.tgz#3a105ca17053af55d6e270c1f8288682e18da400"
  dependencies:
    assert-plus "^1.0.0"
    core-util-is "1.0.2"
    extsprintf "^1.2.0"

wrappy@1:
  version "1.0.2"
  resolved "https://registry.yarnpkg.com/wrappy/-/wrappy-1.0.2.tgz#b5243d8f3ec1aa35f1364605bc0d1036e30ab69f"

yallist@^4.0.0:
  version "4.0.0"
  resolved "https://registry.yarnpkg.com/yallist/-/yallist-4.0.0.tgz#9bb92790d9c0effec63be73519e11a35019a3a72"
  integrity sha512-3wdGidZyq5PB084XLES5TpOSRA3wjXAlIWMhum2kRcv/41Sn2emQ0dycQW4uZXLejwKvg6EsvbdlVL+FYEct7A==
