# THIS IS AN AUTOGENERATED FILE. DO NOT EDIT THIS FILE DIRECTLY.
# yarn lockfile v1


"@types/events@*":
  version "1.1.0"
  resolved "https://registry.yarnpkg.com/@types/events/-/events-1.1.0.tgz#93b1be91f63c184450385272c47b6496fd028e02"

"@types/node@*":
  version "9.4.5"
  resolved "https://registry.yarnpkg.com/@types/node/-/node-9.4.5.tgz#d2a90c634208173d1b1a0a6ba9f1df3de62edcf5"

"@types/pino@^4.16.0":
  version "4.16.1"
  resolved "https://registry.yarnpkg.com/@types/pino/-/pino-4.16.1.tgz#3b4b36e707cb364dcf0903503a7f44df67294b1c"
  integrity sha512-uYEhZ3jsuiYFsPcR34fbxVlrqzqphc+QQ3fU4rWR6PXH8ka2TKvPBjtkNqj8oBHouVGf4GCRfyPb7FG2TEtPZA==
  dependencies:
    "@types/events" "*"
    "@types/node" "*"

abbrev@1:
  version "1.1.1"
  resolved "https://registry.yarnpkg.com/abbrev/-/abbrev-1.1.1.tgz#f8f2c887ad10bf67f634f005b6987fed3179aac8"

abbrev@1.0.x:
  version "1.0.9"
  resolved "https://registry.yarnpkg.com/abbrev/-/abbrev-1.0.9.tgz#91b4792588a7738c25f35dd6f63752a2f8776135"

abstract-logging@^1.0.0:
  version "1.0.0"
  resolved "https://registry.yarnpkg.com/abstract-logging/-/abstract-logging-1.0.0.tgz#8b7deafd310559bc28f77724dd1bb30177278c1b"

ajv@^6.10.2, ajv@^6.5.5, ajv@^6.6.1:
  version "6.10.2"
  resolved "https://registry.yarnpkg.com/ajv/-/ajv-6.10.2.tgz#d3cea04d6b017b2894ad69040fec8b623eb4bd52"
  integrity sha512-TXtUUEYHuaTEbLZWIKUr5pmBuhDLy+8KYtPYdcV8qC+pOZL+NKqYwvWSRrVXHn+ZmRRAu8vJTAznH7Oag6RVRw==
  dependencies:
    fast-deep-equal "^2.0.1"
    fast-json-stable-stringify "^2.0.0"
    json-schema-traverse "^0.4.1"
    uri-js "^4.2.2"

align-text@^0.1.1, align-text@^0.1.3:
  version "0.1.4"
  resolved "https://registry.yarnpkg.com/align-text/-/align-text-0.1.4.tgz#0cd90a561093f35d0a99256c22b7069433fad117"
  dependencies:
    kind-of "^3.0.2"
    longest "^1.0.1"
    repeat-string "^1.5.2"

amdefine@>=0.0.4:
  version "1.0.1"
  resolved "https://registry.yarnpkg.com/amdefine/-/amdefine-1.0.1.tgz#4a5282ac164729e93619bcfd3ad151f817ce91f5"

ansi-styles@^3.2.1:
  version "3.2.1"
  resolved "https://registry.yarnpkg.com/ansi-styles/-/ansi-styles-3.2.1.tgz#41fbb20243e50b12be0f04b8dedbf07520ce841d"
  integrity sha512-VT0ZI6kZRdTh8YyJw3SMbYm/u+NqfsAxEpWO0Pf9sq8/e94WxxOpPKx9FR1FlyCtOVDNOQ+8ntlqFxiRc+r5qA==
  dependencies:
    color-convert "^1.9.0"

argparse@^1.0.7:
  version "1.0.10"
  resolved "https://registry.yarnpkg.com/argparse/-/argparse-1.0.10.tgz#bcd6791ea5ae09725e17e5ad988134cd40b3d911"
  integrity sha512-o5Roy6tNG4SL/FOkCAN6RzjiakZS25RLYFrcMttJqbdd8BWrnA+fGz57iN5Pb06pvBGvl5gQ0B48dJlslXvoTg==
  dependencies:
    sprintf-js "~1.0.2"

asn1@~0.2.3:
  version "0.2.3"
  resolved "https://registry.yarnpkg.com/asn1/-/asn1-0.2.3.tgz#dac8787713c9966849fc8180777ebe9c1ddf3b86"

assert-plus@1.0.0, assert-plus@^1.0.0:
  version "1.0.0"
  resolved "https://registry.yarnpkg.com/assert-plus/-/assert-plus-1.0.0.tgz#f12e0f3c5d77b0b1cdd9146942e4e96c1e4dd525"

async@1.x, async@^1.4.0:
  version "1.5.2"
  resolved "https://registry.yarnpkg.com/async/-/async-1.5.2.tgz#ec6a61ae56480c0c3cb241c95618e20892f9672a"

asynckit@^0.4.0:
  version "0.4.0"
  resolved "https://registry.yarnpkg.com/asynckit/-/asynckit-0.4.0.tgz#c79ed97f7f34cb8f2ba1bc9790bcc366474b4b79"

avvio@^5.8.0:
  version "5.9.0"
  resolved "https://registry.yarnpkg.com/avvio/-/avvio-5.9.0.tgz#3513709b7d6a2bd93cb20252a13a875ae54d0b0a"
  integrity sha512-bzgrSPRdU1T/AkhEuXWAA6cJCFA3zApLk+5fkpcQt4US9YAI52AFYnsGX1HSCF2bHSltEYfk7fbffYu4WnazmA==
  dependencies:
    debug "^3.1.0"
    fastq "^1.6.0"

aws-sign2@~0.7.0:
  version "0.7.0"
  resolved "https://registry.yarnpkg.com/aws-sign2/-/aws-sign2-0.7.0.tgz#b46e890934a9591f2d2f6f86d7e6a9f1b3fe76a8"

aws4@^1.8.0:
  version "1.8.0"
  resolved "https://registry.yarnpkg.com/aws4/-/aws4-1.8.0.tgz#f0e003d9ca9e7f59c7a508945d7b2ef9a04a542f"
  integrity sha512-ReZxvNHIOv88FlT7rxcXIIC0fPt4KZqZbOlivyWtXLt8ESx84zd3kMC6iK5jVeS2qt+g7ftS7ye4fi06X5rtRQ==

balanced-match@^1.0.0:
  version "1.0.0"
  resolved "https://registry.yarnpkg.com/balanced-match/-/balanced-match-1.0.0.tgz#89b4d199ab2bee49de164ea02b89ce462d71b767"

bcrypt-pbkdf@^1.0.0:
  version "1.0.1"
  resolved "https://registry.yarnpkg.com/bcrypt-pbkdf/-/bcrypt-pbkdf-1.0.1.tgz#63bc5dcb61331b92bc05fd528953c33462a06f8d"
  dependencies:
    tweetnacl "^0.14.3"

bourne@^1.1.2:
  version "1.1.2"
  resolved "https://registry.yarnpkg.com/bourne/-/bourne-1.1.2.tgz#e290b5bd7166635632eaf8ef12b006b2d4a75b83"
  integrity sha512-b2dgVkTZhkQirNMohgC00rWfpVqEi9y5tKM1k3JvoNx05ODtfQoPPd4js9CYFQoY0IM8LAmnJulEuWv74zjUOg==

brace-expansion@^1.1.7:
  version "1.1.11"
  resolved "https://registry.yarnpkg.com/brace-expansion/-/brace-expansion-1.1.11.tgz#3c7fcbf529d87226f3d2f52b966ff5271eb441dd"
  dependencies:
    balanced-match "^1.0.0"
    concat-map "0.0.1"

camelcase@^1.0.2:
  version "1.2.1"
  resolved "https://registry.yarnpkg.com/camelcase/-/camelcase-1.2.1.tgz#9bb5304d2e0b56698b2c758b08a3eaa9daa58a39"

caseless@~0.12.0:
  version "0.12.0"
  resolved "https://registry.yarnpkg.com/caseless/-/caseless-0.12.0.tgz#1b681c21ff84033c826543090689420d187151dc"

center-align@^0.1.1:
  version "0.1.3"
  resolved "https://registry.yarnpkg.com/center-align/-/center-align-0.1.3.tgz#aa0d32629b6ee972200411cbd4461c907bc2b7ad"
  dependencies:
    align-text "^0.1.3"
    lazy-cache "^1.0.3"

chalk@^2.4.1:
  version "2.4.2"
  resolved "https://registry.yarnpkg.com/chalk/-/chalk-2.4.2.tgz#cd42541677a54333cf541a49108c1432b44c9424"
  integrity sha512-Mti+f9lpJNcwF4tWV8/OrTTtF1gZi+f8FqlyAdouralcFWFQWF2+NgCHShjkCb+IFBLq9buZwE1xckQU4peSuQ==
  dependencies:
    ansi-styles "^3.2.1"
    escape-string-regexp "^1.0.5"
    supports-color "^5.3.0"

cliui@^2.1.0:
  version "2.1.0"
  resolved "https://registry.yarnpkg.com/cliui/-/cliui-2.1.0.tgz#4b475760ff80264c762c3a1719032e91c7fea0d1"
  dependencies:
    center-align "^0.1.1"
    right-align "^0.1.1"
    wordwrap "0.0.2"

color-convert@^1.9.0:
  version "1.9.1"
  resolved "https://registry.yarnpkg.com/color-convert/-/color-convert-1.9.1.tgz#c1261107aeb2f294ebffec9ed9ecad529a6097ed"
  dependencies:
    color-name "^1.1.1"

color-name@^1.1.1:
  version "1.1.3"
  resolved "https://registry.yarnpkg.com/color-name/-/color-name-1.1.3.tgz#a7d0558bd89c42f795dd42328f740831ca53bc25"

combined-stream@^1.0.6, combined-stream@~1.0.6:
  version "1.0.8"
  resolved "https://registry.yarnpkg.com/combined-stream/-/combined-stream-1.0.8.tgz#c3d45a8b34fd730631a110a8a2520682b31d5a7f"
  integrity sha512-FQN4MRfuJeHf7cBbBMJFXhKSDq+2kAArBlmRBvcvFE5BB1HZKXtSFASDhdlz9zOYwxh8lDdnvmMOe/+5cdoEdg==
  dependencies:
    delayed-stream "~1.0.0"

concat-map@0.0.1:
  version "0.0.1"
  resolved "https://registry.yarnpkg.com/concat-map/-/concat-map-0.0.1.tgz#d8a96bd77fd68df7793a73036a3ba0d5405d477b"

core-util-is@1.0.2, core-util-is@~1.0.0:
  version "1.0.2"
  resolved "https://registry.yarnpkg.com/core-util-is/-/core-util-is-1.0.2.tgz#b5fd54220aa2bc5ab57aab7140c940754503c1a7"

dashdash@^1.12.0:
  version "1.14.1"
  resolved "https://registry.yarnpkg.com/dashdash/-/dashdash-1.14.1.tgz#853cfa0f7cbe2fed5de20326b8dd581035f6e2f0"
  dependencies:
    assert-plus "^1.0.0"

debug@^3.1.0:
  version "3.1.0"
  resolved "https://registry.yarnpkg.com/debug/-/debug-3.1.0.tgz#5bb5a0672628b64149566ba16819e61518c67261"
  dependencies:
    ms "2.0.0"

decamelize@^1.0.0:
  version "1.2.0"
  resolved "https://registry.yarnpkg.com/decamelize/-/decamelize-1.2.0.tgz#f6534d15148269b20352e7bee26f501f9a191290"

deep-is@~0.1.3:
  version "0.1.3"
  resolved "https://registry.yarnpkg.com/deep-is/-/deep-is-0.1.3.tgz#b369d6fb5dbc13eecf524f91b070feedc357cf34"

deepmerge@^4.0.0:
  version "4.2.2"
  resolved "https://registry.yarnpkg.com/deepmerge/-/deepmerge-4.2.2.tgz#44d2ea3679b8f4d4ffba33f03d865fc1e7bf4955"
  integrity sha512-FJ3UgI4gIl+PHZm53knsuSFpE+nESMr7M4v9QcgB7S63Kj/6WqMiFQJpBBYz1Pt+66bZpP3Q7Lye0Oo9MPKEdg==

delayed-stream@~1.0.0:
  version "1.0.0"
  resolved "https://registry.yarnpkg.com/delayed-stream/-/delayed-stream-1.0.0.tgz#df3ae199acadfb7d440aaae0b29e2272b24ec619"

ecc-jsbn@~0.1.1:
  version "0.1.1"
  resolved "https://registry.yarnpkg.com/ecc-jsbn/-/ecc-jsbn-0.1.1.tgz#0fc73a9ed5f0d53c38193398523ef7e543777505"
  dependencies:
    jsbn "~0.1.0"

end-of-stream@^1.1.0, end-of-stream@^1.4.1:
  version "1.4.1"
  resolved "https://registry.yarnpkg.com/end-of-stream/-/end-of-stream-1.4.1.tgz#ed29634d19baba463b6ce6b80a37213eab71ec43"
  dependencies:
    once "^1.4.0"

escape-string-regexp@^1.0.5:
  version "1.0.5"
  resolved "https://registry.yarnpkg.com/escape-string-regexp/-/escape-string-regexp-1.0.5.tgz#1b61c0562190a8dff6ae3bb2cf0200ca130b86d4"

escodegen@1.8.x:
  version "1.8.1"
  resolved "https://registry.yarnpkg.com/escodegen/-/escodegen-1.8.1.tgz#5a5b53af4693110bebb0867aa3430dd3b70a1018"
  dependencies:
    esprima "^2.7.1"
    estraverse "^1.9.1"
    esutils "^2.0.2"
    optionator "^0.8.1"
  optionalDependencies:
    source-map "~0.2.0"

esprima@2.7.x, esprima@^2.7.1:
  version "2.7.3"
  resolved "https://registry.yarnpkg.com/esprima/-/esprima-2.7.3.tgz#96e3b70d5779f6ad49cd032673d1c312767ba581"

esprima@^4.0.0:
  version "4.0.1"
  resolved "https://registry.yarnpkg.com/esprima/-/esprima-4.0.1.tgz#13b04cdb3e6c5d19df91ab6987a8695619b0aa71"
  integrity sha512-eGuFFw7Upda+g4p+QHvnW0RyTX/SVeJBDM/gCtMARO0cLuT2HcEKnTPvhjV6aGeqrCB/sbNop0Kszm0jsaWU4A==

estraverse@^1.9.1:
  version "1.9.3"
  resolved "https://registry.yarnpkg.com/estraverse/-/estraverse-1.9.3.tgz#af67f2dc922582415950926091a4005d29c9bb44"

esutils@^2.0.2:
  version "2.0.2"
  resolved "https://registry.yarnpkg.com/esutils/-/esutils-2.0.2.tgz#0abf4f1caa5bcb1f7a9d8acc6dea4faaa04bac9b"

extend@~3.0.2:
  version "3.0.2"
  resolved "https://registry.yarnpkg.com/extend/-/extend-3.0.2.tgz#f8b1136b4071fbd8eb140aff858b1019ec2915fa"
  integrity sha512-fjquC59cD7CyW6urNXK0FBufkZcoiGG80wTuPujX590cB5Ttln20E2UB4S/WARVqhXffZl2LNgS+gQdPIIim/g==

extsprintf@1.3.0:
  version "1.3.0"
  resolved "https://registry.yarnpkg.com/extsprintf/-/extsprintf-1.3.0.tgz#96918440e3041a7a414f8c52e3c574eb3c3e1e05"

extsprintf@^1.2.0:
  version "1.4.0"
  resolved "https://registry.yarnpkg.com/extsprintf/-/extsprintf-1.4.0.tgz#e2689f8f356fad62cca65a3a91c5df5f9551692f"

fast-decode-uri-component@^1.0.0:
  version "1.0.1"
  resolved "https://registry.yarnpkg.com/fast-decode-uri-component/-/fast-decode-uri-component-1.0.1.tgz#46f8b6c22b30ff7a81357d4f59abfae938202543"
  integrity sha512-WKgKWg5eUxvRZGwW8FvfbaH7AXSh2cL+3j5fMGzUMCxWBJ3dV3a7Wz8y2f/uQ0e3B6WmodD3oS54jTQ9HVTIIg==

fast-deep-equal@^2.0.1:
  version "2.0.1"
  resolved "https://registry.yarnpkg.com/fast-deep-equal/-/fast-deep-equal-2.0.1.tgz#7b05218ddf9667bf7f370bf7fdb2cb15fdd0aa49"
  integrity sha1-ewUhjd+WZ79/Nwv3/bLLFf3Qqkk=

fast-json-parse@^1.0.3:
  version "1.0.3"
  resolved "https://registry.yarnpkg.com/fast-json-parse/-/fast-json-parse-1.0.3.tgz#43e5c61ee4efa9265633046b770fb682a7577c4d"

fast-json-stable-stringify@^2.0.0:
  version "2.0.0"
  resolved "https://registry.yarnpkg.com/fast-json-stable-stringify/-/fast-json-stable-stringify-2.0.0.tgz#d5142c0caee6b1189f87d3a76111064f86c8bbf2"

fast-json-stringify@^1.11.0:
  version "1.15.6"
  resolved "https://registry.yarnpkg.com/fast-json-stringify/-/fast-json-stringify-1.15.6.tgz#47864aa15bc4be40ed959089a53a02c4fa7f5140"
  integrity sha512-UKypbA85Qc53b8xdcXWI3g7TBnOV34+cYJczHJZv4KQ4mF3H9Mk3547FjX3lvUJO4Wf5kK0IhSO0eUTJKKcmEw==
  dependencies:
    ajv "^6.10.2"
    deepmerge "^4.0.0"

fast-levenshtein@~2.0.4:
  version "2.0.6"
  resolved "https://registry.yarnpkg.com/fast-levenshtein/-/fast-levenshtein-2.0.6.tgz#3d8a5c66883a16a30ca8643e851f19baa7797917"

fast-safe-stringify@^1.0.8, fast-safe-stringify@^1.2.3:
  version "1.2.3"
  resolved "https://registry.yarnpkg.com/fast-safe-stringify/-/fast-safe-stringify-1.2.3.tgz#9fe22c37fb2f7f86f06b8f004377dbf8f1ee7bc1"

fast-xml-parser@^3.15.0:
  version "3.15.0"
  resolved "https://registry.yarnpkg.com/fast-xml-parser/-/fast-xml-parser-3.15.0.tgz#0f5b562013482e2dab19b7ffd033621e1d000fa7"
  integrity sha512-CZyUVoZjCZDINdK4A/7EeSS89+DfH9Ce1BtKaRMCocdENomRx9cBFN77Z2+tEc2RmhIFjJRajYeNlepWl0U4tg==

fastify-plugin@^0.2.2:
  version "0.2.2"
  resolved "https://registry.yarnpkg.com/fastify-plugin/-/fastify-plugin-0.2.2.tgz#e01b67685fd02e87edc98670ce2acfe251a2c715"
  dependencies:
    semver "^5.4.1"

fastify@^1.14.6:
  version "1.14.6"
  resolved "https://registry.yarnpkg.com/fastify/-/fastify-1.14.6.tgz#0cccc9b6781b8173028cc7f321edd0eede42bb9f"
  integrity sha512-w5JIVLc+7NdCsoVRDTNK9kwqDgKS61HcffHKIsUTdQ6etbUYnsL0QpPFcYPM/hasZwsbkzdXk28ftbtqyZJdtA==
  dependencies:
    "@types/pino" "^4.16.0"
    abstract-logging "^1.0.0"
    ajv "^6.6.1"
    avvio "^5.8.0"
    bourne "^1.1.2"
    end-of-stream "^1.4.1"
    fast-json-stringify "^1.11.0"
    find-my-way "^1.18.0"
    flatstr "^1.0.9"
    light-my-request "^3.2.0"
    middie "^3.1.0"
    pino "^4.17.3"
    proxy-addr "^2.0.3"
    rfdc "^1.1.2"
    tiny-lru "^2.0.0"

fastq@^1.6.0:
  version "1.6.0"
  resolved "https://registry.yarnpkg.com/fastq/-/fastq-1.6.0.tgz#4ec8a38f4ac25f21492673adb7eae9cfef47d1c2"
  integrity sha512-jmxqQ3Z/nXoeyDmWAzF9kH1aGZSis6e/SbfPmJpUnyZ0ogr6iscHQaml4wsEepEWSdtmpy+eVXmCRIMpxaXqOA==
  dependencies:
    reusify "^1.0.0"

find-my-way@^1.18.0:
  version "1.18.1"
  resolved "https://registry.yarnpkg.com/find-my-way/-/find-my-way-1.18.1.tgz#5db605eab7211ee6af7ab08eb4f568060aa8e9f6"
  integrity sha512-5M9oQuUPNDxr7w7g65Rv2acToLUIjVUbnMsltXNQaSYWOwjf+2MBp7sMuY+pfO+OPCo2qwcxsr29VQQ09ouVMg==
  dependencies:
    fast-decode-uri-component "^1.0.0"
    safe-regex "^1.1.0"
    semver-store "^0.3.0"

flatstr@^1.0.5:
  version "1.0.5"
  resolved "https://registry.yarnpkg.com/flatstr/-/flatstr-1.0.5.tgz#5b451b08cbd48e2eac54a2bbe0bf46165aa14be3"

flatstr@^1.0.9:
  version "1.0.12"
  resolved "https://registry.yarnpkg.com/flatstr/-/flatstr-1.0.12.tgz#c2ba6a08173edbb6c9640e3055b95e287ceb5931"
  integrity sha512-4zPxDyhCyiN2wIAtSLI6gc82/EjqZc1onI4Mz/l0pWrAlsSfYH/2ZIcU+e3oA2wDwbzIWNKwa23F8rh6+DRWkw==

forever-agent@~0.6.1:
  version "0.6.1"
  resolved "https://registry.yarnpkg.com/forever-agent/-/forever-agent-0.6.1.tgz#fbc71f0c41adeb37f96c577ad1ed42d8fdacca91"

form-data@~2.3.2:
  version "2.3.3"
  resolved "https://registry.yarnpkg.com/form-data/-/form-data-2.3.3.tgz#dcce52c05f644f298c6a7ab936bd724ceffbf3a6"
  integrity sha512-1lLKB2Mu3aGP1Q/2eCOx0fNbRMe7XdwktwOruhfqqd0rIJWwN4Dh+E3hrPSlDCXnSR7UtZ1N38rVXm+6+MEhJQ==
  dependencies:
    asynckit "^0.4.0"
    combined-stream "^1.0.6"
    mime-types "^2.1.12"

forwarded@~0.1.2:
  version "0.1.2"
  resolved "https://registry.yarnpkg.com/forwarded/-/forwarded-0.1.2.tgz#98c23dab1175657b8c0573e8ceccd91b0ff18c84"
  integrity sha1-mMI9qxF1ZXuMBXPozszZGw/xjIQ=

fs.realpath@^1.0.0:
  version "1.0.0"
  resolved "https://registry.yarnpkg.com/fs.realpath/-/fs.realpath-1.0.0.tgz#1504ad2523158caa40db4a2787cb01411994ea4f"

getpass@^0.1.1:
  version "0.1.7"
  resolved "https://registry.yarnpkg.com/getpass/-/getpass-0.1.7.tgz#5eff8e3e684d569ae4cb2b1282604e8ba62149fa"
  dependencies:
    assert-plus "^1.0.0"

glob@^5.0.15:
  version "5.0.15"
  resolved "https://registry.yarnpkg.com/glob/-/glob-5.0.15.tgz#1bc936b9e02f4a603fcc222ecf7633d30b8b93b1"
  dependencies:
    inflight "^1.0.4"
    inherits "2"
    minimatch "2 || 3"
    once "^1.3.0"
    path-is-absolute "^1.0.0"

glob@^7.1.4:
  version "7.1.6"
  resolved "https://registry.yarnpkg.com/glob/-/glob-7.1.6.tgz#141f33b81a7c2492e125594307480c46679278a6"
  integrity sha512-LwaxwyZ72Lk7vZINtNNrywX0ZuLyStrdDtabefZKAY5ZGJhVtgdznluResxNmPitE0SAO+O26sWTHeKSI2wMBA==
  dependencies:
    fs.realpath "^1.0.0"
    inflight "^1.0.4"
    inherits "2"
    minimatch "^3.0.4"
    once "^1.3.0"
    path-is-absolute "^1.0.0"

handlebars@^4.0.1:
  version "4.0.11"
  resolved "https://registry.yarnpkg.com/handlebars/-/handlebars-4.0.11.tgz#630a35dfe0294bc281edae6ffc5d329fc7982dcc"
  dependencies:
    async "^1.4.0"
    optimist "^0.6.1"
    source-map "^0.4.4"
  optionalDependencies:
    uglify-js "^2.6"

har-schema@^2.0.0:
  version "2.0.0"
  resolved "https://registry.yarnpkg.com/har-schema/-/har-schema-2.0.0.tgz#a94c2224ebcac04782a0d9035521f24735b7ec92"

har-validator@~5.1.0:
  version "5.1.3"
  resolved "https://registry.yarnpkg.com/har-validator/-/har-validator-5.1.3.tgz#1ef89ebd3e4996557675eed9893110dc350fa080"
  integrity sha512-sNvOCzEQNr/qrvJgc3UG/kD4QtlHycrzwS+6mfTrrSq97BvaYcPZZI1ZSqGSPR73Cxn4LKTD4PttRwfU7jWq5g==
  dependencies:
    ajv "^6.5.5"
    har-schema "^2.0.0"

has-flag@^1.0.0:
  version "1.0.0"
  resolved "https://registry.yarnpkg.com/has-flag/-/has-flag-1.0.0.tgz#9d9e793165ce017a00f00418c43f942a7b1d11fa"

has-flag@^3.0.0:
  version "3.0.0"
  resolved "https://registry.yarnpkg.com/has-flag/-/has-flag-3.0.0.tgz#b5d454dc2199ae225699f3467e5a07f3b955bafd"

http-signature@~1.2.0:
  version "1.2.0"
  resolved "https://registry.yarnpkg.com/http-signature/-/http-signature-1.2.0.tgz#9aecd925114772f3d95b65a60abb8f7c18fbace1"
  dependencies:
    assert-plus "^1.0.0"
    jsprim "^1.2.2"
    sshpk "^1.7.0"

inflight@^1.0.4:
  version "1.0.6"
  resolved "https://registry.yarnpkg.com/inflight/-/inflight-1.0.6.tgz#49bd6331d7d02d0c09bc910a1075ba8165b56df9"
  dependencies:
    once "^1.3.0"
    wrappy "1"

inherits@2, inherits@~2.0.3:
  version "2.0.3"
  resolved "https://registry.yarnpkg.com/inherits/-/inherits-2.0.3.tgz#633c2c83e3da42a502f52466022480f4208261de"

inherits@^2.0.3:
  version "2.0.4"
  resolved "https://registry.yarnpkg.com/inherits/-/inherits-2.0.4.tgz#0fa2c64f932917c3433a0ded55363aae37416b7c"
  integrity sha512-k/vGaX4/Yla3WzyMCvTQOXYeIHvqOKtnqBduzTHpzpQZzAskKMhZ2K+EnBiSM9zGSoIFeMpXKxa4dYeZIQqewQ==

ipaddr.js@1.9.0:
  version "1.9.0"
  resolved "https://registry.yarnpkg.com/ipaddr.js/-/ipaddr.js-1.9.0.tgz#37df74e430a0e47550fe54a2defe30d8acd95f65"
  integrity sha512-M4Sjn6N/+O6/IXSJseKqHoFc+5FdGJ22sXqnjTpdZweHK64MzEPAyQZyEU3R/KRv2GLoa7nNtg/C2Ev6m7z+eA==

is-buffer@^1.1.5:
  version "1.1.6"
  resolved "https://registry.yarnpkg.com/is-buffer/-/is-buffer-1.1.6.tgz#efaa2ea9daa0d7ab2ea13a97b2b8ad51fefbe8be"

is-typedarray@~1.0.0:
  version "1.0.0"
  resolved "https://registry.yarnpkg.com/is-typedarray/-/is-typedarray-1.0.0.tgz#e479c80858df0c1b11ddda6940f96011fcda4a9a"

isarray@~1.0.0:
  version "1.0.0"
  resolved "https://registry.yarnpkg.com/isarray/-/isarray-1.0.0.tgz#bb935d48582cba168c06834957a54a3e07124f11"

isexe@^2.0.0:
  version "2.0.0"
  resolved "https://registry.yarnpkg.com/isexe/-/isexe-2.0.0.tgz#e8fbf374dc556ff8947a10dcb0572d633f2cfa10"

isstream@~0.1.2:
  version "0.1.2"
  resolved "https://registry.yarnpkg.com/isstream/-/isstream-0.1.2.tgz#47e63f7af55afa6f92e1500e690eb8b8529c099a"

istanbul@^0.4.5:
  version "0.4.5"
  resolved "https://registry.yarnpkg.com/istanbul/-/istanbul-0.4.5.tgz#65c7d73d4c4da84d4f3ac310b918fb0b8033733b"
  dependencies:
    abbrev "1.0.x"
    async "1.x"
    escodegen "1.8.x"
    esprima "2.7.x"
    glob "^5.0.15"
    handlebars "^4.0.1"
    js-yaml "3.x"
    mkdirp "0.5.x"
    nopt "3.x"
    once "1.x"
    resolve "1.1.x"
    supports-color "^3.1.0"
    which "^1.1.1"
    wordwrap "^1.0.0"

jasmine-core@^2.99.1:
  version "2.99.1"
  resolved "https://registry.yarnpkg.com/jasmine-core/-/jasmine-core-2.99.1.tgz#e6400df1e6b56e130b61c4bcd093daa7f6e8ca15"

jasmine-core@~3.5.0:
  version "3.5.0"
  resolved "https://registry.yarnpkg.com/jasmine-core/-/jasmine-core-3.5.0.tgz#132c23e645af96d85c8bca13c8758b18429fc1e4"
  integrity sha512-nCeAiw37MIMA9w9IXso7bRaLl+c/ef3wnxsoSAlYrzS+Ot0zTG6nU8G/cIfGkqpkjX2wNaIW9RFG0TwIFnG6bA==

jasmine@^3.5.0:
  version "3.5.0"
  resolved "https://registry.yarnpkg.com/jasmine/-/jasmine-3.5.0.tgz#7101eabfd043a1fc82ac24e0ab6ec56081357f9e"
  integrity sha512-DYypSryORqzsGoMazemIHUfMkXM7I7easFaxAvNM3Mr6Xz3Fy36TupTrAOxZWN8MVKEU5xECv22J4tUQf3uBzQ==
  dependencies:
    glob "^7.1.4"
    jasmine-core "~3.5.0"

js-yaml@3.x:
  version "3.13.1"
  resolved "https://registry.yarnpkg.com/js-yaml/-/js-yaml-3.13.1.tgz#aff151b30bfdfa8e49e05da22e7415e9dfa37847"
  integrity sha512-YfbcO7jXDdyj0DGxYVSlSeQNHbD7XPWvrVWeVUujrQEoZzWJIRrCPoyk6kL6IAjAG2IolMK4T0hNUe0HOUs5Jw==
  dependencies:
    argparse "^1.0.7"
    esprima "^4.0.0"

jsbn@~0.1.0:
  version "0.1.1"
  resolved "https://registry.yarnpkg.com/jsbn/-/jsbn-0.1.1.tgz#a5e654c2e5a2deb5f201d96cefbca80c0ef2f513"

json-schema-traverse@^0.4.1:
  version "0.4.1"
  resolved "https://registry.yarnpkg.com/json-schema-traverse/-/json-schema-traverse-0.4.1.tgz#69f6a87d9513ab8bb8fe63bdb0979c448e684660"
  integrity sha512-xbbCH5dCYU5T8LcEhhuh7HJ88HXuW3qsI3Y0zOZFKfZEHcpWiHU/Jxzk629Brsab/mMiHQti9wMP+845RPe3Vg==

json-schema@0.2.3:
  version "0.2.3"
  resolved "https://registry.yarnpkg.com/json-schema/-/json-schema-0.2.3.tgz#b480c892e59a2f05954ce727bd3f2a4e882f9e13"

json-stringify-safe@~5.0.1:
  version "5.0.1"
  resolved "https://registry.yarnpkg.com/json-stringify-safe/-/json-stringify-safe-5.0.1.tgz#1296a2d58fd45f19a0f6ce01d65701e2c735b6eb"

jsprim@^1.2.2:
  version "1.4.1"
  resolved "https://registry.yarnpkg.com/jsprim/-/jsprim-1.4.1.tgz#313e66bc1e5cc06e438bc1b7499c2e5c56acb6a2"
  dependencies:
    assert-plus "1.0.0"
    extsprintf "1.3.0"
    json-schema "0.2.3"
    verror "1.10.0"

kind-of@^3.0.2:
  version "3.2.2"
  resolved "https://registry.yarnpkg.com/kind-of/-/kind-of-3.2.2.tgz#31ea21a734bab9bbb0f32466d893aea51e4a3c64"
  dependencies:
    is-buffer "^1.1.5"

lazy-cache@^1.0.3:
  version "1.0.4"
  resolved "https://registry.yarnpkg.com/lazy-cache/-/lazy-cache-1.0.4.tgz#a1d78fc3a50474cb80845d3b3b6e1da49a446e8e"

levn@~0.3.0:
  version "0.3.0"
  resolved "https://registry.yarnpkg.com/levn/-/levn-0.3.0.tgz#3b09924edf9f083c0490fdd4c0bc4421e04764ee"
  dependencies:
    prelude-ls "~1.1.2"
    type-check "~0.3.2"

light-my-request@^3.2.0:
  version "3.6.2"
  resolved "https://registry.yarnpkg.com/light-my-request/-/light-my-request-3.6.2.tgz#a2fc7fdef17999ff22d24172cfd040f143f7cb0c"
  integrity sha512-xg51G/FOoajQqmVbrH8WmocL3gjznIf79rMcCiaxT+lypwaXTvWyCZY2YkOwesqkS3mDlApgnHzVcqvIsc7YOQ==
  dependencies:
    ajv "^6.10.2"
    readable-stream "^3.4.0"

longest@^1.0.1:
  version "1.0.1"
  resolved "https://registry.yarnpkg.com/longest/-/longest-1.0.1.tgz#30a0b2da38f73770e8294a0d22e6625ed77d0097"

middie@^3.1.0:
  version "3.1.0"
  resolved "https://registry.yarnpkg.com/middie/-/middie-3.1.0.tgz#99986a166e827fd0b0c8fa55f5ee28e7b6c23d9f"
  dependencies:
    path-to-regexp "^2.0.0"
    reusify "^1.0.2"

mime-db@1.42.0:
  version "1.42.0"
  resolved "https://registry.yarnpkg.com/mime-db/-/mime-db-1.42.0.tgz#3e252907b4c7adb906597b4b65636272cf9e7bac"
  integrity sha512-UbfJCR4UAVRNgMpfImz05smAXK7+c+ZntjaA26ANtkXLlOe947Aag5zdIcKQULAiF9Cq4WxBi9jUs5zkA84bYQ==

mime-db@~1.30.0:
  version "1.30.0"
  resolved "https://registry.yarnpkg.com/mime-db/-/mime-db-1.30.0.tgz#74c643da2dd9d6a45399963465b26d5ca7d71f01"

mime-types@^2.1.12:
  version "2.1.17"
  resolved "https://registry.yarnpkg.com/mime-types/-/mime-types-2.1.17.tgz#09d7a393f03e995a79f8af857b70a9e0ab16557a"
  dependencies:
    mime-db "~1.30.0"

mime-types@~2.1.19:
  version "2.1.25"
  resolved "https://registry.yarnpkg.com/mime-types/-/mime-types-2.1.25.tgz#39772d46621f93e2a80a856c53b86a62156a6437"
  integrity sha512-5KhStqB5xpTAeGqKBAMgwaYMnQik7teQN4IAzC7npDv6kzeU6prfkR67bc87J1kWMPGkoaZSq1npmexMgkmEVg==
  dependencies:
    mime-db "1.42.0"

"minimatch@2 || 3", minimatch@^3.0.4:
  version "3.0.4"
  resolved "https://registry.yarnpkg.com/minimatch/-/minimatch-3.0.4.tgz#5166e286457f03306064be5497e8dbb0c3d32083"
  dependencies:
    brace-expansion "^1.1.7"

minimist@0.0.8:
  version "0.0.8"
  resolved "https://registry.yarnpkg.com/minimist/-/minimist-0.0.8.tgz#857fcabfc3397d2625b8228262e86aa7a011b05d"

minimist@~0.0.1:
  version "0.0.10"
  resolved "https://registry.yarnpkg.com/minimist/-/minimist-0.0.10.tgz#de3f98543dbf96082be48ad1a0c7cda836301dcf"

mkdirp@0.5.x:
  version "0.5.1"
  resolved "https://registry.yarnpkg.com/mkdirp/-/mkdirp-0.5.1.tgz#30057438eac6cf7f8c4767f38648d6697d75c903"
  dependencies:
    minimist "0.0.8"

ms@2.0.0:
  version "2.0.0"
  resolved "https://registry.yarnpkg.com/ms/-/ms-2.0.0.tgz#5608aeadfc00be6c2901df5f9861788de0d597c8"

nopt@3.x:
  version "3.0.6"
  resolved "https://registry.yarnpkg.com/nopt/-/nopt-3.0.6.tgz#c6465dbf08abcd4db359317f79ac68a646b28ff9"
  dependencies:
    abbrev "1"

oauth-sign@~0.9.0:
  version "0.9.0"
  resolved "https://registry.yarnpkg.com/oauth-sign/-/oauth-sign-0.9.0.tgz#47a7b016baa68b5fa0ecf3dee08a85c679ac6455"
  integrity sha512-fexhUFFPTGV8ybAtSIGbV6gOkSv8UtRbDBnAyLQw4QPKkgNlsH2ByPGtMUqdWkos6YCRmAqViwgZrJc/mRDzZQ==

once@1.x, once@^1.3.0, once@^1.3.1, once@^1.4.0:
  version "1.4.0"
  resolved "https://registry.yarnpkg.com/once/-/once-1.4.0.tgz#583b1aa775961d4b113ac17d9c50baef9dd76bd1"
  dependencies:
    wrappy "1"

optimist@^0.6.1:
  version "0.6.1"
  resolved "https://registry.yarnpkg.com/optimist/-/optimist-0.6.1.tgz#da3ea74686fa21a19a111c326e90eb15a0196686"
  dependencies:
    minimist "~0.0.1"
    wordwrap "~0.0.2"

optionator@^0.8.1:
  version "0.8.2"
  resolved "https://registry.yarnpkg.com/optionator/-/optionator-0.8.2.tgz#364c5e409d3f4d6301d6c0b4c05bba50180aeb64"
  dependencies:
    deep-is "~0.1.3"
    fast-levenshtein "~2.0.4"
    levn "~0.3.0"
    prelude-ls "~1.1.2"
    type-check "~0.3.2"
    wordwrap "~1.0.0"

path-is-absolute@^1.0.0:
  version "1.0.1"
  resolved "https://registry.yarnpkg.com/path-is-absolute/-/path-is-absolute-1.0.1.tgz#174b9268735534ffbc7ace6bf53a5a9e1b5c5f5f"

path-to-regexp@^2.0.0:
  version "2.1.0"
  resolved "https://registry.yarnpkg.com/path-to-regexp/-/path-to-regexp-2.1.0.tgz#7e30f9f5b134bd6a28ffc2e3ef1e47075ac5259b"

performance-now@^2.1.0:
  version "2.1.0"
  resolved "https://registry.yarnpkg.com/performance-now/-/performance-now-2.1.0.tgz#6309f4e0e5fa913ec1c69307ae364b4b377c9e7b"

pino-std-serializers@^2.0.0:
  version "2.4.2"
  resolved "https://registry.yarnpkg.com/pino-std-serializers/-/pino-std-serializers-2.4.2.tgz#cb5e3e58c358b26f88969d7e619ae54bdfcc1ae1"
  integrity sha512-WaL504dO8eGs+vrK+j4BuQQq6GLKeCCcHaMB2ItygzVURcL1CycwNEUHTD/lHFHs/NL5qAz2UKrjYWXKSf4aMQ==

pino@^4.17.3:
  version "4.17.6"
  resolved "https://registry.yarnpkg.com/pino/-/pino-4.17.6.tgz#8c237f3a29f4104f89321c25037deab6a7998fb4"
  integrity sha512-LFDwmhyWLBnmwO/2UFbWu1jEGVDzaPupaVdx0XcZ3tIAx1EDEBauzxXf2S0UcFK7oe+X9MApjH0hx9U1XMgfCA==
  dependencies:
    chalk "^2.4.1"
    fast-json-parse "^1.0.3"
    fast-safe-stringify "^1.2.3"
    flatstr "^1.0.5"
    pino-std-serializers "^2.0.0"
    pump "^3.0.0"
    quick-format-unescaped "^1.1.2"
    split2 "^2.2.0"

prelude-ls@~1.1.2:
  version "1.1.2"
  resolved "https://registry.yarnpkg.com/prelude-ls/-/prelude-ls-1.1.2.tgz#21932a549f5e52ffd9a827f570e04be62a97da54"

process-nextick-args@~2.0.0:
  version "2.0.0"
  resolved "https://registry.yarnpkg.com/process-nextick-args/-/process-nextick-args-2.0.0.tgz#a37d732f4271b4ab1ad070d35508e8290788ffaa"

proxy-addr@^2.0.3:
  version "2.0.5"
  resolved "https://registry.yarnpkg.com/proxy-addr/-/proxy-addr-2.0.5.tgz#34cbd64a2d81f4b1fd21e76f9f06c8a45299ee34"
  integrity sha512-t/7RxHXPH6cJtP0pRG6smSr9QJidhB+3kXu0KgXnbGYMgzEnUxRQ4/LDdfOwZEMyIh3/xHb8PX3t+lfL9z+YVQ==
  dependencies:
    forwarded "~0.1.2"
    ipaddr.js "1.9.0"

psl@^1.1.24:
  version "1.4.0"
  resolved "https://registry.yarnpkg.com/psl/-/psl-1.4.0.tgz#5dd26156cdb69fa1fdb8ab1991667d3f80ced7c2"
  integrity sha512-HZzqCGPecFLyoRj5HLfuDSKYTJkAfB5thKBIkRHtGjWwY7p1dAyveIbXIq4tO0KYfDF2tHqPUgY9SDnGm00uFw==

pump@^3.0.0:
  version "3.0.0"
  resolved "https://registry.yarnpkg.com/pump/-/pump-3.0.0.tgz#b4a2116815bde2f4e1ea602354e8c75565107a64"
  integrity sha512-LwZy+p3SFs1Pytd/jYct4wpv49HiYCqd9Rlc5ZVdk0V+8Yzv6jR5Blk3TRmPL1ft69TxP0IMZGJ+WPFU2BFhww==
  dependencies:
    end-of-stream "^1.1.0"
    once "^1.3.1"

punycode@^1.4.1:
  version "1.4.1"
  resolved "https://registry.yarnpkg.com/punycode/-/punycode-1.4.1.tgz#c0d5a63b2718800ad8e1eb0fa5269c84dd41845e"

punycode@^2.1.0:
  version "2.1.1"
  resolved "https://registry.yarnpkg.com/punycode/-/punycode-2.1.1.tgz#b58b010ac40c22c5657616c8d2c2c02c7bf479ec"
  integrity sha512-XRsRjdf+j5ml+y/6GKHPZbrF/8p2Yga0JPtdqTIY2Xe5ohJPD9saDJJLPvp9+NSBprVvevdXZybnj2cv8OEd0A==

qs@~6.5.2:
  version "6.5.2"
  resolved "https://registry.yarnpkg.com/qs/-/qs-6.5.2.tgz#cb3ae806e8740444584ef154ce8ee98d403f3e36"
  integrity sha512-N5ZAX4/LxJmF+7wN74pUD6qAh9/wnvdQcjq9TZjevvXzSUo7bfmw91saqMjzGS2xq91/odN2dW/WOl7qQHNDGA==

quick-format-unescaped@^1.1.2:
  version "1.1.2"
  resolved "https://registry.yarnpkg.com/quick-format-unescaped/-/quick-format-unescaped-1.1.2.tgz#0ca581de3174becef25ac3c2e8956342381db698"
  dependencies:
    fast-safe-stringify "^1.0.8"

readable-stream@^2.1.5:
  version "2.3.4"
  resolved "https://registry.yarnpkg.com/readable-stream/-/readable-stream-2.3.4.tgz#c946c3f47fa7d8eabc0b6150f4a12f69a4574071"
  dependencies:
    core-util-is "~1.0.0"
    inherits "~2.0.3"
    isarray "~1.0.0"
    process-nextick-args "~2.0.0"
    safe-buffer "~5.1.1"
    string_decoder "~1.0.3"
    util-deprecate "~1.0.1"

readable-stream@^3.4.0:
  version "3.4.0"
  resolved "https://registry.yarnpkg.com/readable-stream/-/readable-stream-3.4.0.tgz#a51c26754658e0a3c21dbf59163bd45ba6f447fc"
  integrity sha512-jItXPLmrSR8jmTRmRWJXCnGJsfy85mB3Wd/uINMXA65yrnFo0cPClFIUWzo2najVNSl+mx7/4W8ttlLWJe99pQ==
  dependencies:
    inherits "^2.0.3"
    string_decoder "^1.1.1"
    util-deprecate "^1.0.1"

repeat-string@^1.5.2:
  version "1.6.1"
  resolved "https://registry.yarnpkg.com/repeat-string/-/repeat-string-1.6.1.tgz#8dcae470e1c88abc2d600fff4a776286da75e637"

request@^2.88.0:
  version "2.88.0"
  resolved "https://registry.yarnpkg.com/request/-/request-2.88.0.tgz#9c2fca4f7d35b592efe57c7f0a55e81052124fef"
  integrity sha512-NAqBSrijGLZdM0WZNsInLJpkJokL72XYjUpnB0iwsRgxh7dB6COrHnTBNwN0E+lHDAJzu7kLAkDeY08z2/A0hg==
  dependencies:
    aws-sign2 "~0.7.0"
    aws4 "^1.8.0"
    caseless "~0.12.0"
    combined-stream "~1.0.6"
    extend "~3.0.2"
    forever-agent "~0.6.1"
    form-data "~2.3.2"
    har-validator "~5.1.0"
    http-signature "~1.2.0"
    is-typedarray "~1.0.0"
    isstream "~0.1.2"
    json-stringify-safe "~5.0.1"
    mime-types "~2.1.19"
    oauth-sign "~0.9.0"
    performance-now "^2.1.0"
    qs "~6.5.2"
    safe-buffer "^5.1.2"
    tough-cookie "~2.4.3"
    tunnel-agent "^0.6.0"
    uuid "^3.3.2"

resolve@1.1.x:
  version "1.1.7"
  resolved "https://registry.yarnpkg.com/resolve/-/resolve-1.1.7.tgz#203114d82ad2c5ed9e8e0411b3932875e889e97b"

ret@~0.1.10:
  version "0.1.15"
  resolved "https://registry.yarnpkg.com/ret/-/ret-0.1.15.tgz#b8a4825d5bdb1fc3f6f53c2bc33f81388681c7bc"
  integrity sha512-TTlYpa+OL+vMMNG24xSlQGEJ3B/RzEfUlLct7b5G/ytav+wPrplCpVMFuwzXbkecJrb6IYo1iFb0S9v37754mg==

reusify@^1.0.0, reusify@^1.0.2:
  version "1.0.4"
  resolved "https://registry.yarnpkg.com/reusify/-/reusify-1.0.4.tgz#90da382b1e126efc02146e90845a88db12925d76"

rfdc@^1.1.2:
  version "1.1.4"
  resolved "https://registry.yarnpkg.com/rfdc/-/rfdc-1.1.4.tgz#ba72cc1367a0ccd9cf81a870b3b58bd3ad07f8c2"
  integrity sha512-5C9HXdzK8EAqN7JDif30jqsBzavB7wLpaubisuQIGHWf2gUXSpzy6ArX/+Da8RjFpagWsCn+pIgxTMAmKw9Zug==

right-align@^0.1.1:
  version "0.1.3"
  resolved "https://registry.yarnpkg.com/right-align/-/right-align-0.1.3.tgz#61339b722fe6a3515689210d24e14c96148613ef"
  dependencies:
    align-text "^0.1.1"

safe-buffer@^5.0.1, safe-buffer@~5.1.0, safe-buffer@~5.1.1:
  version "5.1.1"
  resolved "https://registry.yarnpkg.com/safe-buffer/-/safe-buffer-5.1.1.tgz#893312af69b2123def71f57889001671eeb2c853"

safe-buffer@^5.1.2, safe-buffer@~5.2.0:
  version "5.2.0"
  resolved "https://registry.yarnpkg.com/safe-buffer/-/safe-buffer-5.2.0.tgz#b74daec49b1148f88c64b68d49b1e815c1f2f519"
  integrity sha512-fZEwUGbVl7kouZs1jCdMLdt95hdIv0ZeHg6L7qPeciMZhZ+/gdesW4wgTARkrFWEpspjEATAzUGPG8N2jJiwbg==

safe-regex@^1.1.0:
  version "1.1.0"
  resolved "https://registry.yarnpkg.com/safe-regex/-/safe-regex-1.1.0.tgz#40a3669f3b077d1e943d44629e157dd48023bf2e"
  integrity sha1-QKNmnzsHfR6UPURinhV91IAjvy4=
  dependencies:
    ret "~0.1.10"

semver-store@^0.3.0:
  version "0.3.0"
  resolved "https://registry.yarnpkg.com/semver-store/-/semver-store-0.3.0.tgz#ce602ff07df37080ec9f4fb40b29576547befbe9"
  integrity sha512-TcZvGMMy9vodEFSse30lWinkj+JgOBvPn8wRItpQRSayhc+4ssDs335uklkfvQQJgL/WvmHLVj4Ycv2s7QCQMg==

semver@^5.4.1:
  version "5.5.0"
  resolved "https://registry.yarnpkg.com/semver/-/semver-5.5.0.tgz#dc4bbc7a6ca9d916dee5d43516f0092b58f7b8ab"

source-map@^0.4.4:
  version "0.4.4"
  resolved "https://registry.yarnpkg.com/source-map/-/source-map-0.4.4.tgz#eba4f5da9c0dc999de68032d8b4f76173652036b"
  dependencies:
    amdefine ">=0.0.4"

source-map@~0.2.0:
  version "0.2.0"
  resolved "https://registry.yarnpkg.com/source-map/-/source-map-0.2.0.tgz#dab73fbcfc2ba819b4de03bd6f6eaa48164b3f9d"
  dependencies:
    amdefine ">=0.0.4"

source-map@~0.5.1:
  version "0.5.7"
  resolved "https://registry.yarnpkg.com/source-map/-/source-map-0.5.7.tgz#8a039d2d1021d22d1ea14c80d8ea468ba2ef3fcc"

split2@^2.2.0:
  version "2.2.0"
  resolved "https://registry.yarnpkg.com/split2/-/split2-2.2.0.tgz#186b2575bcf83e85b7d18465756238ee4ee42493"
  dependencies:
    through2 "^2.0.2"

sprintf-js@~1.0.2:
  version "1.0.3"
  resolved "https://registry.yarnpkg.com/sprintf-js/-/sprintf-js-1.0.3.tgz#04e6926f662895354f3dd015203633b857297e2c"
  integrity sha1-BOaSb2YolTVPPdAVIDYzuFcpfiw=

sshpk@^1.7.0:
  version "1.13.1"
  resolved "https://registry.yarnpkg.com/sshpk/-/sshpk-1.13.1.tgz#512df6da6287144316dc4c18fe1cf1d940739be3"
  dependencies:
    asn1 "~0.2.3"
    assert-plus "^1.0.0"
    dashdash "^1.12.0"
    getpass "^0.1.1"
  optionalDependencies:
    bcrypt-pbkdf "^1.0.0"
    ecc-jsbn "~0.1.1"
    jsbn "~0.1.0"
    tweetnacl "~0.14.0"

string_decoder@^1.1.1:
  version "1.3.0"
  resolved "https://registry.yarnpkg.com/string_decoder/-/string_decoder-1.3.0.tgz#42f114594a46cf1a8e30b0a84f56c78c3edac21e"
  integrity sha512-hkRX8U1WjJFd8LsDJ2yQ/wWWxaopEsABU1XfkM8A+j0+85JAGppt16cr1Whg6KIbb4okU6Mql6BOj+uup/wKeA==
  dependencies:
    safe-buffer "~5.2.0"

string_decoder@~1.0.3:
  version "1.0.3"
  resolved "https://registry.yarnpkg.com/string_decoder/-/string_decoder-1.0.3.tgz#0fc67d7c141825de94282dd536bec6b9bce860ab"
  dependencies:
    safe-buffer "~5.1.0"

supports-color@^3.1.0:
  version "3.2.3"
  resolved "https://registry.yarnpkg.com/supports-color/-/supports-color-3.2.3.tgz#65ac0504b3954171d8a64946b2ae3cbb8a5f54f6"
  dependencies:
    has-flag "^1.0.0"

supports-color@^5.3.0:
  version "5.5.0"
  resolved "https://registry.yarnpkg.com/supports-color/-/supports-color-5.5.0.tgz#e2e69a44ac8772f78a1ec0b35b689df6530efc8f"
  integrity sha512-QjVjwdXIt408MIiAqCX4oUKsgU2EqAGzs2Ppkm4aQYbjm+ZEWEcW4SfFNTr4uMNZma0ey4f5lgLrkB0aX0QMow==
  dependencies:
    has-flag "^3.0.0"

through2@^2.0.2:
  version "2.0.3"
  resolved "https://registry.yarnpkg.com/through2/-/through2-2.0.3.tgz#0004569b37c7c74ba39c43f3ced78d1ad94140be"
  dependencies:
    readable-stream "^2.1.5"
    xtend "~4.0.1"

tiny-lru@^2.0.0:
  version "2.0.0"
  resolved "https://registry.yarnpkg.com/tiny-lru/-/tiny-lru-2.0.0.tgz#1491ae2bd82d658246290fe48334039836cc6146"
  integrity sha512-LcvsiH/JYkeItdNK5w8EJjlHcOuaULkpjA97cfLBMvylHKlXAcccNFqKUw4EGhbYaFnhn6q7xqfTyO0xIOj59Q==

tough-cookie@~2.4.3:
  version "2.4.3"
  resolved "https://registry.yarnpkg.com/tough-cookie/-/tough-cookie-2.4.3.tgz#53f36da3f47783b0925afa06ff9f3b165280f781"
  integrity sha512-Q5srk/4vDM54WJsJio3XNn6K2sCG+CQ8G5Wz6bZhRZoAe/+TxjWB/GlFAnYEbkYVlON9FMk/fE3h2RLpPXo4lQ==
  dependencies:
    psl "^1.1.24"
    punycode "^1.4.1"

tunnel-agent@^0.6.0:
  version "0.6.0"
  resolved "https://registry.yarnpkg.com/tunnel-agent/-/tunnel-agent-0.6.0.tgz#27a5dea06b36b04a0a9966774b290868f0fc40fd"
  dependencies:
    safe-buffer "^5.0.1"

tweetnacl@^0.14.3, tweetnacl@~0.14.0:
  version "0.14.5"
  resolved "https://registry.yarnpkg.com/tweetnacl/-/tweetnacl-0.14.5.tgz#5ae68177f192d4456269d108afa93ff8743f4f64"

type-check@~0.3.2:
  version "0.3.2"
  resolved "https://registry.yarnpkg.com/type-check/-/type-check-0.3.2.tgz#5884cab512cf1d355e3fb784f30804b2b520db72"
  dependencies:
    prelude-ls "~1.1.2"

uglify-js@^2.6:
  version "2.8.29"
  resolved "https://registry.yarnpkg.com/uglify-js/-/uglify-js-2.8.29.tgz#29c5733148057bb4e1f75df35b7a9cb72e6a59dd"
  dependencies:
    source-map "~0.5.1"
    yargs "~3.10.0"
  optionalDependencies:
    uglify-to-browserify "~1.0.0"

uglify-to-browserify@~1.0.0:
  version "1.0.2"
  resolved "https://registry.yarnpkg.com/uglify-to-browserify/-/uglify-to-browserify-1.0.2.tgz#6e0924d6bda6b5afe349e39a6d632850a0f882b7"

uri-js@^4.2.2:
  version "4.2.2"
  resolved "https://registry.yarnpkg.com/uri-js/-/uri-js-4.2.2.tgz#94c540e1ff772956e2299507c010aea6c8838eb0"
  integrity sha512-KY9Frmirql91X2Qgjry0Wd4Y+YTdrdZheS8TFwvkbLWf/G5KNJDCh6pKL5OZctEW4+0Baa5idK2ZQuELRwPznQ==
  dependencies:
    punycode "^2.1.0"

util-deprecate@^1.0.1, util-deprecate@~1.0.1:
  version "1.0.2"
  resolved "https://registry.yarnpkg.com/util-deprecate/-/util-deprecate-1.0.2.tgz#450d4dc9fa70de732762fbd2d4a28981419a0ccf"

uuid@^3.3.2:
  version "3.3.3"
  resolved "https://registry.yarnpkg.com/uuid/-/uuid-3.3.3.tgz#4568f0216e78760ee1dbf3a4d2cf53e224112866"
  integrity sha512-pW0No1RGHgzlpHJO1nsVrHKpOEIxkGg1xB+v0ZmdNH5OAeAwzAVrCnI2/6Mtx+Uys6iaylxa+D3g4j63IKKjSQ==

verror@1.10.0:
  version "1.10.0"
  resolved "https://registry.yarnpkg.com/verror/-/verror-1.10.0.tgz#3a105ca17053af55d6e270c1f8288682e18da400"
  dependencies:
    assert-plus "^1.0.0"
    core-util-is "1.0.2"
    extsprintf "^1.2.0"

which@^1.1.1:
  version "1.3.0"
  resolved "https://registry.yarnpkg.com/which/-/which-1.3.0.tgz#ff04bdfc010ee547d780bec38e1ac1c2777d253a"
  dependencies:
    isexe "^2.0.0"

window-size@0.1.0:
  version "0.1.0"
  resolved "https://registry.yarnpkg.com/window-size/-/window-size-0.1.0.tgz#5438cd2ea93b202efa3a19fe8887aee7c94f9c9d"

wordwrap@0.0.2:
  version "0.0.2"
  resolved "https://registry.yarnpkg.com/wordwrap/-/wordwrap-0.0.2.tgz#b79669bb42ecb409f83d583cad52ca17eaa1643f"

wordwrap@^1.0.0, wordwrap@~1.0.0:
  version "1.0.0"
  resolved "https://registry.yarnpkg.com/wordwrap/-/wordwrap-1.0.0.tgz#27584810891456a4171c8d0226441ade90cbcaeb"

wordwrap@~0.0.2:
  version "0.0.3"
  resolved "https://registry.yarnpkg.com/wordwrap/-/wordwrap-0.0.3.tgz#a3d5da6cd5c0bc0008d37234bbaf1bed63059107"

wrappy@1:
  version "1.0.2"
  resolved "https://registry.yarnpkg.com/wrappy/-/wrappy-1.0.2.tgz#b5243d8f3ec1aa35f1364605bc0d1036e30ab69f"

xtend@~4.0.1:
  version "4.0.1"
  resolved "https://registry.yarnpkg.com/xtend/-/xtend-4.0.1.tgz#a5c6d532be656e23db820efb943a1f04998d63af"

yargs@~3.10.0:
  version "3.10.0"
  resolved "https://registry.yarnpkg.com/yargs/-/yargs-3.10.0.tgz#f7ee7bd857dd7c1d2d38c0e74efbd681d1431fd1"
  dependencies:
    camelcase "^1.0.2"
    cliui "^2.1.0"
    decamelize "^1.0.0"
    window-size "0.1.0"
